<?xml version="1.0"?>
<Project ToolsVersion="4.0" xmlns="http://schemas.microsoft.com/developer/msbuild/2003">
	<ItemGroup>
		<ClCompile Include="src\ofApp.cpp">
			<Filter>src</Filter>
		</ClCompile>
		<ClCompile Include="src\main.cpp">
			<Filter>src</Filter>
		</ClCompile>
		<ClCompile Include="..\..\..\addons\ofxHTTP\libs\ofxHTTP\IPVideo\src\BasicIPVideoServer.cpp">
			<Filter>addons\ofxHTTP\libs\ofxHTTP\IPVideo\src</Filter>
		</ClCompile>
		<ClCompile Include="..\..\..\addons\ofxHTTP\libs\ofxHTTP\IPVideo\src\IPVideoFrame.cpp">
			<Filter>addons\ofxHTTP\libs\ofxHTTP\IPVideo\src</Filter>
		</ClCompile>
		<ClCompile Include="..\..\..\addons\ofxHTTP\libs\ofxHTTP\IPVideo\src\IPVideoFrameQueue.cpp">
			<Filter>addons\ofxHTTP\libs\ofxHTTP\IPVideo\src</Filter>
		</ClCompile>
		<ClCompile Include="..\..\..\addons\ofxHTTP\libs\ofxHTTP\IPVideo\src\IPVideoFrameSettings.cpp">
			<Filter>addons\ofxHTTP\libs\ofxHTTP\IPVideo\src</Filter>
		</ClCompile>
		<ClCompile Include="..\..\..\addons\ofxHTTP\libs\ofxHTTP\IPVideo\src\IPVideoRoute.cpp">
			<Filter>addons\ofxHTTP\libs\ofxHTTP\IPVideo\src</Filter>
		</ClCompile>
		<ClCompile Include="..\..\..\addons\ofxHTTP\libs\ofxHTTP\IPVideo\src\IPVideoRouteHandler.cpp">
			<Filter>addons\ofxHTTP\libs\ofxHTTP\IPVideo\src</Filter>
		</ClCompile>
		<ClCompile Include="..\..\..\addons\ofxHTTP\libs\ofxHTTP\IPVideo\src\IPVideoRouteSettings.cpp">
			<Filter>addons\ofxHTTP\libs\ofxHTTP\IPVideo\src</Filter>
		</ClCompile>
		<ClCompile Include="..\..\..\addons\ofxHTTP\libs\ofxHTTP\Server\src\BaseRouteHandler.cpp">
			<Filter>addons\ofxHTTP\libs\ofxHTTP\Server\src</Filter>
		</ClCompile>
		<ClCompile Include="..\..\..\addons\ofxHTTP\libs\ofxHTTP\Server\src\BaseRouteSettings.cpp">
			<Filter>addons\ofxHTTP\libs\ofxHTTP\Server\src</Filter>
		</ClCompile>
		<ClCompile Include="..\..\..\addons\ofxHTTP\libs\ofxHTTP\Server\src\BaseServerSettings.cpp">
			<Filter>addons\ofxHTTP\libs\ofxHTTP\Server\src</Filter>
		</ClCompile>
		<ClCompile Include="..\..\..\addons\ofxHTTP\libs\ofxHTTP\Server\src\BasicFileUploadServer.cpp">
			<Filter>addons\ofxHTTP\libs\ofxHTTP\Server\src</Filter>
		</ClCompile>
		<ClCompile Include="..\..\..\addons\ofxHTTP\libs\ofxHTTP\Server\src\BasicPostServer.cpp">
			<Filter>addons\ofxHTTP\libs\ofxHTTP\Server\src</Filter>
		</ClCompile>
		<ClCompile Include="..\..\..\addons\ofxHTTP\libs\ofxHTTP\Server\src\BasicServer.cpp">
			<Filter>addons\ofxHTTP\libs\ofxHTTP\Server\src</Filter>
		</ClCompile>
		<ClCompile Include="..\..\..\addons\ofxHTTP\libs\ofxHTTP\Server\src\FileSystemRoute.cpp">
			<Filter>addons\ofxHTTP\libs\ofxHTTP\Server\src</Filter>
		</ClCompile>
		<ClCompile Include="..\..\..\addons\ofxHTTP\libs\ofxHTTP\Server\src\FileSystemRouteHandler.cpp">
			<Filter>addons\ofxHTTP\libs\ofxHTTP\Server\src</Filter>
		</ClCompile>
		<ClCompile Include="..\..\..\addons\ofxHTTP\libs\ofxHTTP\Server\src\FileSystemRouteSettings.cpp">
			<Filter>addons\ofxHTTP\libs\ofxHTTP\Server\src</Filter>
		</ClCompile>
		<ClCompile Include="..\..\..\addons\ofxHTTP\libs\ofxHTTP\Server\src\FileUploadRoute.cpp">
			<Filter>addons\ofxHTTP\libs\ofxHTTP\Server\src</Filter>
		</ClCompile>
		<ClCompile Include="..\..\..\addons\ofxHTTP\libs\ofxHTTP\Server\src\FileUploadRouteHandler.cpp">
			<Filter>addons\ofxHTTP\libs\ofxHTTP\Server\src</Filter>
		</ClCompile>
		<ClCompile Include="..\..\..\addons\ofxHTTP\libs\ofxHTTP\Server\src\FileUploadRouteSettings.cpp">
			<Filter>addons\ofxHTTP\libs\ofxHTTP\Server\src</Filter>
		</ClCompile>
		<ClCompile Include="..\..\..\addons\ofxHTTP\libs\ofxHTTP\Server\src\PostRoute.cpp">
			<Filter>addons\ofxHTTP\libs\ofxHTTP\Server\src</Filter>
		</ClCompile>
		<ClCompile Include="..\..\..\addons\ofxHTTP\libs\ofxHTTP\Server\src\PostRouteHandler.cpp">
			<Filter>addons\ofxHTTP\libs\ofxHTTP\Server\src</Filter>
		</ClCompile>
		<ClCompile Include="..\..\..\addons\ofxHTTP\libs\ofxHTTP\Server\src\PostRouteSettings.cpp">
			<Filter>addons\ofxHTTP\libs\ofxHTTP\Server\src</Filter>
		</ClCompile>
		<ClCompile Include="..\..\..\addons\ofxHTTP\libs\ofxHTTP\Utils\src\Utils.cpp">
			<Filter>addons\ofxHTTP\libs\ofxHTTP\Utils\src</Filter>
		</ClCompile>
		<ClCompile Include="..\..\..\addons\ofxHTTP\libs\ofxHTTP\WebSocket\src\BasicWebSocketServer.cpp">
			<Filter>addons\ofxHTTP\libs\ofxHTTP\WebSocket\src</Filter>
		</ClCompile>
		<ClCompile Include="..\..\..\addons\ofxHTTP\libs\ofxHTTP\WebSocket\src\WebSocketConnection.cpp">
			<Filter>addons\ofxHTTP\libs\ofxHTTP\WebSocket\src</Filter>
		</ClCompile>
		<ClCompile Include="..\..\..\addons\ofxHTTP\libs\ofxHTTP\WebSocket\src\WebSocketFrame.cpp">
			<Filter>addons\ofxHTTP\libs\ofxHTTP\WebSocket\src</Filter>
		</ClCompile>
		<ClCompile Include="..\..\..\addons\ofxHTTP\libs\ofxHTTP\WebSocket\src\WebSocketRoute.cpp">
			<Filter>addons\ofxHTTP\libs\ofxHTTP\WebSocket\src</Filter>
		</ClCompile>
		<ClCompile Include="..\..\..\addons\ofxHTTP\libs\ofxHTTP\WebSocket\src\WebSocketRouteSettings.cpp">
			<Filter>addons\ofxHTTP\libs\ofxHTTP\WebSocket\src</Filter>
		</ClCompile>
		<ClCompile Include="..\..\..\addons\ofxMediaType\libs\ofxMediaType\src\MediaTypeMap.cpp">
			<Filter>addons\ofxMediaType\libs\ofxMediaType\src</Filter>
		</ClCompile>
	</ItemGroup>
	<ItemGroup>
		<Filter Include="src">
			<UniqueIdentifier>{d8376475-7454-4a24-b08a-aac121d3ad6f}</UniqueIdentifier>
		</Filter>
		<Filter Include="addons">
			<UniqueIdentifier>{71834F65-F3A9-211E-73B8-DC85}</UniqueIdentifier>
		</Filter>
		<Filter Include="addons\ofxHTTP">
			<UniqueIdentifier>{C6854158-E9F7-B1F4-35F2-82BB}</UniqueIdentifier>
		</Filter>
		<Filter Include="addons\ofxHTTP\src">
			<UniqueIdentifier>{BD64EB20-70BF-2319-4F05-E888}</UniqueIdentifier>
		</Filter>
		<Filter Include="addons\ofxHTTP\libs">
			<UniqueIdentifier>{9EE903BE-6739-7640-0095-7D53}</UniqueIdentifier>
		</Filter>
		<Filter Include="addons\ofxHTTP\libs\ofxHTTP">
			<UniqueIdentifier>{7C9A0679-BF09-6EE1-BCD0-5301}</UniqueIdentifier>
		</Filter>
		<Filter Include="addons\ofxHTTP\libs\ofxHTTP\IPVideo">
			<UniqueIdentifier>{F132F351-9C08-ABCD-18FE-E8EB}</UniqueIdentifier>
		</Filter>
		<Filter Include="addons\ofxHTTP\libs\ofxHTTP\IPVideo\include">
			<UniqueIdentifier>{D5D60461-0BE5-D5B3-6ACE-F1CD}</UniqueIdentifier>
		</Filter>
		<Filter Include="addons\ofxHTTP\libs\ofxHTTP\IPVideo\include\ofx">
			<UniqueIdentifier>{61789684-381F-036D-1E88-60C4}</UniqueIdentifier>
		</Filter>
		<Filter Include="addons\ofxHTTP\libs\ofxHTTP\IPVideo\include\ofx\HTTP">
			<UniqueIdentifier>{8AD146C1-7D57-0136-BEE0-BBEF}</UniqueIdentifier>
		</Filter>
		<Filter Include="addons\ofxHTTP\libs\ofxHTTP\IPVideo\include\ofx\HTTP\IPVideo">
			<UniqueIdentifier>{31DC58B6-D7BB-D5F3-2822-A06B}</UniqueIdentifier>
		</Filter>
		<Filter Include="addons\ofxHTTP\libs\ofxHTTP\IPVideo\src">
			<UniqueIdentifier>{E371B196-143D-56D8-7330-7EC2}</UniqueIdentifier>
		</Filter>
		<Filter Include="addons\ofxHTTP\libs\ofxHTTP\Server">
			<UniqueIdentifier>{B247DF91-FB9F-13DA-9611-5CBC}</UniqueIdentifier>
		</Filter>
		<Filter Include="addons\ofxHTTP\libs\ofxHTTP\Server\include">
			<UniqueIdentifier>{C5D72326-E1CF-8CE9-AF9E-3B04}</UniqueIdentifier>
		</Filter>
		<Filter Include="addons\ofxHTTP\libs\ofxHTTP\Server\include\ofx">
			<UniqueIdentifier>{C34075ED-62FA-5B5E-2AAA-7ABA}</UniqueIdentifier>
		</Filter>
		<Filter Include="addons\ofxHTTP\libs\ofxHTTP\Server\include\ofx\HTTP">
			<UniqueIdentifier>{304AEA2F-B24B-54BE-C14E-26E9}</UniqueIdentifier>
		</Filter>
		<Filter Include="addons\ofxHTTP\libs\ofxHTTP\Server\include\ofx\HTTP\Server">
			<UniqueIdentifier>{49B8C921-5752-06EE-7539-11D1}</UniqueIdentifier>
		</Filter>
		<Filter Include="addons\ofxHTTP\libs\ofxHTTP\Server\src">
			<UniqueIdentifier>{49E73BF1-3A16-81B2-49D3-017C}</UniqueIdentifier>
		</Filter>
		<Filter Include="addons\ofxHTTP\libs\ofxHTTP\Types">
			<UniqueIdentifier>{B979758A-DFD3-744A-552C-D300}</UniqueIdentifier>
		</Filter>
		<Filter Include="addons\ofxHTTP\libs\ofxHTTP\Types\include">
			<UniqueIdentifier>{57B4CCE0-43E6-BC2F-EFA8-5E46}</UniqueIdentifier>
		</Filter>
		<Filter Include="addons\ofxHTTP\libs\ofxHTTP\Types\include\ofx">
			<UniqueIdentifier>{A0EE3757-01F5-E93F-AC21-ED79}</UniqueIdentifier>
		</Filter>
		<Filter Include="addons\ofxHTTP\libs\ofxHTTP\Types\include\ofx\HTTP">
			<UniqueIdentifier>{7A9F3922-6414-8276-78BB-7889}</UniqueIdentifier>
		</Filter>
		<Filter Include="addons\ofxHTTP\libs\ofxHTTP\Types\include\ofx\HTTP\Types">
			<UniqueIdentifier>{7705D75F-A6A5-5CDD-B5AB-F912}</UniqueIdentifier>
		</Filter>
		<Filter Include="addons\ofxHTTP\libs\ofxHTTP\Utils">
			<UniqueIdentifier>{379215E8-B920-5273-728E-292C}</UniqueIdentifier>
		</Filter>
		<Filter Include="addons\ofxHTTP\libs\ofxHTTP\Utils\include">
			<UniqueIdentifier>{229BCCCC-8CE2-7BFC-73A3-1581}</UniqueIdentifier>
		</Filter>
		<Filter Include="addons\ofxHTTP\libs\ofxHTTP\Utils\include\ofx">
			<UniqueIdentifier>{4E47A62C-A7D8-570E-239A-5260}</UniqueIdentifier>
		</Filter>
		<Filter Include="addons\ofxHTTP\libs\ofxHTTP\Utils\include\ofx\HTTP">
			<UniqueIdentifier>{89DFA1B2-BB84-8879-300F-C66D}</UniqueIdentifier>
		</Filter>
		<Filter Include="addons\ofxHTTP\libs\ofxHTTP\Utils\include\ofx\HTTP\Utils">
			<UniqueIdentifier>{3EECE58C-EF63-4D87-F743-D8E8}</UniqueIdentifier>
		</Filter>
		<Filter Include="addons\ofxHTTP\libs\ofxHTTP\Utils\src">
			<UniqueIdentifier>{C6881E88-C84C-22DD-39DA-72A7}</UniqueIdentifier>
		</Filter>
		<Filter Include="addons\ofxHTTP\libs\ofxHTTP\WebSocket">
			<UniqueIdentifier>{0A2F71C5-4A49-9A80-AF4C-EEFB}</UniqueIdentifier>
		</Filter>
		<Filter Include="addons\ofxHTTP\libs\ofxHTTP\WebSocket\include">
			<UniqueIdentifier>{E92618C5-5DB6-6B73-9F1B-2B8F}</UniqueIdentifier>
		</Filter>
		<Filter Include="addons\ofxHTTP\libs\ofxHTTP\WebSocket\include\ofx">
			<UniqueIdentifier>{FD44C3F1-1023-40F2-8773-ED34}</UniqueIdentifier>
		</Filter>
		<Filter Include="addons\ofxHTTP\libs\ofxHTTP\WebSocket\include\ofx\HTTP">
			<UniqueIdentifier>{E4820981-560F-47E5-3482-E01F}</UniqueIdentifier>
		</Filter>
		<Filter Include="addons\ofxHTTP\libs\ofxHTTP\WebSocket\include\ofx\HTTP\WebSocket">
			<UniqueIdentifier>{85AFBB04-EDBD-E0F2-AFB6-42E9}</UniqueIdentifier>
		</Filter>
		<Filter Include="addons\ofxHTTP\libs\ofxHTTP\WebSocket\src">
			<UniqueIdentifier>{49BDAD69-DBDE-0CE8-4535-09E6}</UniqueIdentifier>
		</Filter>
		<Filter Include="addons\ofxMediaType">
			<UniqueIdentifier>{157B6593-173F-9B7C-5AD9-C6BF}</UniqueIdentifier>
		</Filter>
		<Filter Include="addons\ofxMediaType\src">
			<UniqueIdentifier>{A0ACA6D6-DE20-87D1-E366-A937}</UniqueIdentifier>
		</Filter>
		<Filter Include="addons\ofxMediaType\libs">
			<UniqueIdentifier>{102FA820-0F2A-9C75-5DED-5731}</UniqueIdentifier>
		</Filter>
		<Filter Include="addons\ofxMediaType\libs\ofxMediaType">
			<UniqueIdentifier>{55138F53-C83F-9775-5CF9-7B1C}</UniqueIdentifier>
		</Filter>
		<Filter Include="addons\ofxMediaType\libs\ofxMediaType\include">
			<UniqueIdentifier>{EEEF8939-2FFE-6857-D824-9D0A}</UniqueIdentifier>
		</Filter>
		<Filter Include="addons\ofxMediaType\libs\ofxMediaType\include\ofx">
			<UniqueIdentifier>{BF4BD2F3-4016-AF94-AC1A-31C0}</UniqueIdentifier>
		</Filter>
		<Filter Include="addons\ofxMediaType\libs\ofxMediaType\include\ofx\Media">
			<UniqueIdentifier>{DEFE329D-0965-DF99-5B86-3F40}</UniqueIdentifier>
		</Filter>
		<Filter Include="addons\ofxMediaType\libs\ofxMediaType\src">
			<UniqueIdentifier>{EFB72F56-9EB2-A5A0-701C-EB5B}</UniqueIdentifier>
		</Filter>
	</ItemGroup>
	<ItemGroup>
		<ClInclude Include="src\ofApp.h">
			<Filter>src</Filter>
		</ClInclude>
		<ClInclude Include="..\..\..\addons\ofxHTTP\src\ofxHTTP.h">
			<Filter>addons\ofxHTTP\src</Filter>
		</ClInclude>
		<ClInclude Include="..\..\..\addons\ofxHTTP\libs\ofxHTTP\IPVideo\include\ofx\HTTP\IPVideo\BasicIPVideoServer.h">
			<Filter>addons\ofxHTTP\libs\ofxHTTP\IPVideo\include\ofx\HTTP\IPVideo</Filter>
		</ClInclude>
		<ClInclude Include="..\..\..\addons\ofxHTTP\libs\ofxHTTP\IPVideo\include\ofx\HTTP\IPVideo\IPVideoFrame.h">
			<Filter>addons\ofxHTTP\libs\ofxHTTP\IPVideo\include\ofx\HTTP\IPVideo</Filter>
		</ClInclude>
		<ClInclude Include="..\..\..\addons\ofxHTTP\libs\ofxHTTP\IPVideo\include\ofx\HTTP\IPVideo\IPVideoFrameQueue.h">
			<Filter>addons\ofxHTTP\libs\ofxHTTP\IPVideo\include\ofx\HTTP\IPVideo</Filter>
		</ClInclude>
		<ClInclude Include="..\..\..\addons\ofxHTTP\libs\ofxHTTP\IPVideo\include\ofx\HTTP\IPVideo\IPVideoFrameSettings.h">
			<Filter>addons\ofxHTTP\libs\ofxHTTP\IPVideo\include\ofx\HTTP\IPVideo</Filter>
		</ClInclude>
		<ClInclude Include="..\..\..\addons\ofxHTTP\libs\ofxHTTP\IPVideo\include\ofx\HTTP\IPVideo\IPVideoRoute.h">
			<Filter>addons\ofxHTTP\libs\ofxHTTP\IPVideo\include\ofx\HTTP\IPVideo</Filter>
		</ClInclude>
		<ClInclude Include="..\..\..\addons\ofxHTTP\libs\ofxHTTP\IPVideo\include\ofx\HTTP\IPVideo\IPVideoRouteHandler.h">
			<Filter>addons\ofxHTTP\libs\ofxHTTP\IPVideo\include\ofx\HTTP\IPVideo</Filter>
		</ClInclude>
		<ClInclude Include="..\..\..\addons\ofxHTTP\libs\ofxHTTP\IPVideo\include\ofx\HTTP\IPVideo\IPVideoRouteSettings.h">
			<Filter>addons\ofxHTTP\libs\ofxHTTP\IPVideo\include\ofx\HTTP\IPVideo</Filter>
		</ClInclude>
		<ClInclude Include="..\..\..\addons\ofxHTTP\libs\ofxHTTP\Server\include\ofx\HTTP\Server\BaseRoute.h">
			<Filter>addons\ofxHTTP\libs\ofxHTTP\Server\include\ofx\HTTP\Server</Filter>
		</ClInclude>
		<ClInclude Include="..\..\..\addons\ofxHTTP\libs\ofxHTTP\Server\include\ofx\HTTP\Server\BaseRouteHandler.h">
			<Filter>addons\ofxHTTP\libs\ofxHTTP\Server\include\ofx\HTTP\Server</Filter>
		</ClInclude>
		<ClInclude Include="..\..\..\addons\ofxHTTP\libs\ofxHTTP\Server\include\ofx\HTTP\Server\BaseRouteSettings.h">
			<Filter>addons\ofxHTTP\libs\ofxHTTP\Server\include\ofx\HTTP\Server</Filter>
		</ClInclude>
		<ClInclude Include="..\..\..\addons\ofxHTTP\libs\ofxHTTP\Server\include\ofx\HTTP\Server\BaseServer.h">
			<Filter>addons\ofxHTTP\libs\ofxHTTP\Server\include\ofx\HTTP\Server</Filter>
		</ClInclude>
		<ClInclude Include="..\..\..\addons\ofxHTTP\libs\ofxHTTP\Server\include\ofx\HTTP\Server\BaseServerSettings.h">
			<Filter>addons\ofxHTTP\libs\ofxHTTP\Server\include\ofx\HTTP\Server</Filter>
		</ClInclude>
		<ClInclude Include="..\..\..\addons\ofxHTTP\libs\ofxHTTP\Server\include\ofx\HTTP\Server\BasicFileUploadServer.h">
			<Filter>addons\ofxHTTP\libs\ofxHTTP\Server\include\ofx\HTTP\Server</Filter>
		</ClInclude>
		<ClInclude Include="..\..\..\addons\ofxHTTP\libs\ofxHTTP\Server\include\ofx\HTTP\Server\BasicPostServer.h">
			<Filter>addons\ofxHTTP\libs\ofxHTTP\Server\include\ofx\HTTP\Server</Filter>
		</ClInclude>
		<ClInclude Include="..\..\..\addons\ofxHTTP\libs\ofxHTTP\Server\include\ofx\HTTP\Server\BasicServer.h">
			<Filter>addons\ofxHTTP\libs\ofxHTTP\Server\include\ofx\HTTP\Server</Filter>
		</ClInclude>
		<ClInclude Include="..\..\..\addons\ofxHTTP\libs\ofxHTTP\Server\include\ofx\HTTP\Server\FileSystemRoute.h">
			<Filter>addons\ofxHTTP\libs\ofxHTTP\Server\include\ofx\HTTP\Server</Filter>
		</ClInclude>
		<ClInclude Include="..\..\..\addons\ofxHTTP\libs\ofxHTTP\Server\include\ofx\HTTP\Server\FileSystemRouteHandler.h">
			<Filter>addons\ofxHTTP\libs\ofxHTTP\Server\include\ofx\HTTP\Server</Filter>
		</ClInclude>
		<ClInclude Include="..\..\..\addons\ofxHTTP\libs\ofxHTTP\Server\include\ofx\HTTP\Server\FileSystemRouteSettings.h">
			<Filter>addons\ofxHTTP\libs\ofxHTTP\Server\include\ofx\HTTP\Server</Filter>
		</ClInclude>
		<ClInclude Include="..\..\..\addons\ofxHTTP\libs\ofxHTTP\Server\include\ofx\HTTP\Server\FileUploadRoute.h">
			<Filter>addons\ofxHTTP\libs\ofxHTTP\Server\include\ofx\HTTP\Server</Filter>
		</ClInclude>
		<ClInclude Include="..\..\..\addons\ofxHTTP\libs\ofxHTTP\Server\include\ofx\HTTP\Server\FileUploadRouteEvents.h">
			<Filter>addons\ofxHTTP\libs\ofxHTTP\Server\include\ofx\HTTP\Server</Filter>
		</ClInclude>
		<ClInclude Include="..\..\..\addons\ofxHTTP\libs\ofxHTTP\Server\include\ofx\HTTP\Server\FileUploadRouteHandler.h">
			<Filter>addons\ofxHTTP\libs\ofxHTTP\Server\include\ofx\HTTP\Server</Filter>
		</ClInclude>
		<ClInclude Include="..\..\..\addons\ofxHTTP\libs\ofxHTTP\Server\include\ofx\HTTP\Server\FileUploadRouteSettings.h">
			<Filter>addons\ofxHTTP\libs\ofxHTTP\Server\include\ofx\HTTP\Server</Filter>
		</ClInclude>
		<ClInclude Include="..\..\..\addons\ofxHTTP\libs\ofxHTTP\Server\include\ofx\HTTP\Server\PostRoute.h">
			<Filter>addons\ofxHTTP\libs\ofxHTTP\Server\include\ofx\HTTP\Server</Filter>
		</ClInclude>
		<ClInclude Include="..\..\..\addons\ofxHTTP\libs\ofxHTTP\Server\include\ofx\HTTP\Server\PostRouteEvents.h">
			<Filter>addons\ofxHTTP\libs\ofxHTTP\Server\include\ofx\HTTP\Server</Filter>
		</ClInclude>
		<ClInclude Include="..\..\..\addons\ofxHTTP\libs\ofxHTTP\Server\include\ofx\HTTP\Server\PostRouteHandler.h">
			<Filter>addons\ofxHTTP\libs\ofxHTTP\Server\include\ofx\HTTP\Server</Filter>
		</ClInclude>
		<ClInclude Include="..\..\..\addons\ofxHTTP\libs\ofxHTTP\Server\include\ofx\HTTP\Server\PostRouteSettings.h">
			<Filter>addons\ofxHTTP\libs\ofxHTTP\Server\include\ofx\HTTP\Server</Filter>
		</ClInclude>
		<ClInclude Include="..\..\..\addons\ofxHTTP\libs\ofxHTTP\Server\include\ofx\HTTP\Server\ServerEvents.h">
			<Filter>addons\ofxHTTP\libs\ofxHTTP\Server\include\ofx\HTTP\Server</Filter>
		</ClInclude>
		<ClInclude Include="..\..\..\addons\ofxHTTP\libs\ofxHTTP\Types\include\ofx\HTTP\Types\AbstractTypes.h">
			<Filter>addons\ofxHTTP\libs\ofxHTTP\Types\include\ofx\HTTP\Types</Filter>
		</ClInclude>
		<ClInclude Include="..\..\..\addons\ofxHTTP\libs\ofxHTTP\Types\include\ofx\HTTP\Types\ThreadErrorHandler.h">
			<Filter>addons\ofxHTTP\libs\ofxHTTP\Types\include\ofx\HTTP\Types</Filter>
		</ClInclude>
		<ClInclude Include="..\..\..\addons\ofxHTTP\libs\ofxHTTP\Utils\include\ofx\HTTP\Utils\Utils.h">
			<Filter>addons\ofxHTTP\libs\ofxHTTP\Utils\include\ofx\HTTP\Utils</Filter>
		</ClInclude>
		<ClInclude Include="..\..\..\addons\ofxHTTP\libs\ofxHTTP\WebSocket\include\ofx\HTTP\WebSocket\BasicWebSocketServer.h">
			<Filter>addons\ofxHTTP\libs\ofxHTTP\WebSocket\include\ofx\HTTP\WebSocket</Filter>
		</ClInclude>
		<ClInclude Include="..\..\..\addons\ofxHTTP\libs\ofxHTTP\WebSocket\include\ofx\HTTP\WebSocket\WebSocketConnection.h">
			<Filter>addons\ofxHTTP\libs\ofxHTTP\WebSocket\include\ofx\HTTP\WebSocket</Filter>
		</ClInclude>
		<ClInclude Include="..\..\..\addons\ofxHTTP\libs\ofxHTTP\WebSocket\include\ofx\HTTP\WebSocket\WebSocketEvents.h">
			<Filter>addons\ofxHTTP\libs\ofxHTTP\WebSocket\include\ofx\HTTP\WebSocket</Filter>
		</ClInclude>
		<ClInclude Include="..\..\..\addons\ofxHTTP\libs\ofxHTTP\WebSocket\include\ofx\HTTP\WebSocket\WebSocketFrame.h">
			<Filter>addons\ofxHTTP\libs\ofxHTTP\WebSocket\include\ofx\HTTP\WebSocket</Filter>
		</ClInclude>
		<ClInclude Include="..\..\..\addons\ofxHTTP\libs\ofxHTTP\WebSocket\include\ofx\HTTP\WebSocket\WebSocketRoute.h">
			<Filter>addons\ofxHTTP\libs\ofxHTTP\WebSocket\include\ofx\HTTP\WebSocket</Filter>
		</ClInclude>
		<ClInclude Include="..\..\..\addons\ofxHTTP\libs\ofxHTTP\WebSocket\include\ofx\HTTP\WebSocket\WebSocketRouteSettings.h">
			<Filter>addons\ofxHTTP\libs\ofxHTTP\WebSocket\include\ofx\HTTP\WebSocket</Filter>
		</ClInclude>
		<ClInclude Include="..\..\..\addons\ofxMediaType\src\ofxMediaType.h">
			<Filter>addons\ofxMediaType\src</Filter>
		</ClInclude>
		<ClInclude Include="..\..\..\addons\ofxMediaType\libs\ofxMediaType\include\ofx\Media\AbstractMediaTypeProvider.h">
			<Filter>addons\ofxMediaType\libs\ofxMediaType\include\ofx\Media</Filter>
		</ClInclude>
		<ClInclude Include="..\..\..\addons\ofxMediaType\libs\ofxMediaType\include\ofx\Media\MediaTypeMap.h">
			<Filter>addons\ofxMediaType\libs\ofxMediaType\include\ofx\Media</Filter>
		</ClInclude>
	</ItemGroup>
	<ItemGroup>
		<ResourceCompile Include="icon.rc" />
	</ItemGroup>
</Project>
