// !$*UTF8*$!
{
	archiveVersion = 1;
	classes = {
	};
	objectVersion = 46;
	objects = {

/* Begin PBXBuildFile section */
		0221d1db90cb7f79aed47acaa09fbfc8 /* WebSocketConnection.cpp in Sources */ = {isa = PBXBuildFile; fileRef = bd4a92a6672eaad67bc38d8602976ac9 /* WebSocketConnection.cpp */; };
		0ce5ada5d5f40d5e1bc6cb0c040c24f1 /* IPVideoFrameQueue.cpp in Sources */ = {isa = PBXBuildFile; fileRef = d1a33ce8aee6c2e40245cdea627a999b /* IPVideoFrameQueue.cpp */; };
		1d2e6e5cb9411ec6c748463c1c4a6326 /* IPVideoRouteSettings.cpp in Sources */ = {isa = PBXBuildFile; fileRef = d289fac84a1604a44a2fa7344c30a31f /* IPVideoRouteSettings.cpp */; };
		20aee3e38b45f425010060e6e7ad24f8 /* Utils.cpp in Sources */ = {isa = PBXBuildFile; fileRef = 893eaf6d277bcd9d2e8a2dcb08f9b4ff /* Utils.cpp */; };
		215130b0d3eb5003df4afbbb749b1232 /* FileSystemRouteSettings.cpp in Sources */ = {isa = PBXBuildFile; fileRef = f55e4093ca39fea27b99f07bd089642d /* FileSystemRouteSettings.cpp */; };
		23ba053f9422cd16a3216fd0553caea3 /* WebSocketRouteSettings.cpp in Sources */ = {isa = PBXBuildFile; fileRef = 278a183a9cbd4b8c8b2a713068d19a88 /* WebSocketRouteSettings.cpp */; };
		2d396c8526000be18d46fca72d30eec3 /* BasicWebSocketServer.cpp in Sources */ = {isa = PBXBuildFile; fileRef = b27700456cbaeb12f9623cfdc94f60d8 /* BasicWebSocketServer.cpp */; };
		3843d0eedffabde57edeeaf0a9a1bd8a /* BasicIPVideoServer.cpp in Sources */ = {isa = PBXBuildFile; fileRef = 30b8f6c00e8b8fd599b1671d62f0b21b /* BasicIPVideoServer.cpp */; };
		3f0af80a73efa1bb436a0bb86ddfd7c8 /* WebSocketFrame.cpp in Sources */ = {isa = PBXBuildFile; fileRef = 64752fc622fc0292444668b8636246e9 /* WebSocketFrame.cpp */; };
		4b14cedcc7195a4d1f8e28b4f9635a89 /* ofApp.cpp in Sources */ = {isa = PBXBuildFile; fileRef = 19c22cd05d10f78b32ff80c6be3a9385 /* ofApp.cpp */; };
		51717e21a35ff2471fa2d5b71a292e88 /* BaseWebSocketSessionManager.cpp in Sources */ = {isa = PBXBuildFile; fileRef = 84f18d9745353b4de2aaf9f6c382cbb6 /* BaseWebSocketSessionManager.cpp */; };
		745635f8cfbf78e65b1c75ac9a415ee8 /* BaseRouteHandler.cpp in Sources */ = {isa = PBXBuildFile; fileRef = 78d9bd5909114f8f8eb22529dfabde97 /* BaseRouteHandler.cpp */; };
		789b495dca7a573e19eb3c6619932da5 /* BasicFileUploadServer.cpp in Sources */ = {isa = PBXBuildFile; fileRef = 404ac5c9283814472505247fa776cc4e /* BasicFileUploadServer.cpp */; };
		79290a421aa0cc0ec202ec264f481d7a /* IPVideoRouteHandler.cpp in Sources */ = {isa = PBXBuildFile; fileRef = ceb6134675010a63e8b81c429fcfbd84 /* IPVideoRouteHandler.cpp */; };
		7ced9fcc5bf62c4915c8d09f62ad86a7 /* json_reader.cpp in Sources */ = {isa = PBXBuildFile; fileRef = 554e82f6bf0f134ec9bf40aa12f238c7 /* json_reader.cpp */; };
		85a43070b58b6fbe76df727eed2b695f /* FileUploadRouteSettings.cpp in Sources */ = {isa = PBXBuildFile; fileRef = 84f916f2033198ed9a12104f3d439b0d /* FileUploadRouteSettings.cpp */; };
		8db3638475ddef8589923a65f1d0b691 /* BaseRoute.cpp in Sources */ = {isa = PBXBuildFile; fileRef = cd24068d0d07ae5210f104ab565547bd /* BaseRoute.cpp */; };
		94bb9d68b0598a6fc6295e7b6fc4e3ff /* FileUploadRoute.cpp in Sources */ = {isa = PBXBuildFile; fileRef = b9d8774b8b07032d2b7fd1e739c861fa /* FileUploadRoute.cpp */; };
		97a5373e9020a521b5197e1fd15a0a98 /* FileSystemRouteHandler.cpp in Sources */ = {isa = PBXBuildFile; fileRef = 4b1a89dbcbac668dfc606e92ed9b2e93 /* FileSystemRouteHandler.cpp */; };
		9aac8610fe3d438783a824c918d8dc4c /* BaseRouteSettings.cpp in Sources */ = {isa = PBXBuildFile; fileRef = afb54d4ef64f6d722b244b00209e2168 /* BaseRouteSettings.cpp */; };
		9b06c5cae570b630a97e51c38887e84b /* json_writer.cpp in Sources */ = {isa = PBXBuildFile; fileRef = 58f8cbf3c566f6908846e5fbf7d0de36 /* json_writer.cpp */; };
		BBAB23CB13894F3D00AA2426 /* GLUT.framework in CopyFiles */ = {isa = PBXBuildFile; fileRef = BBAB23BE13894E4700AA2426 /* GLUT.framework */; };
		E4328149138ABC9F0047C5CB /* openFrameworksDebug.a in Frameworks */ = {isa = PBXBuildFile; fileRef = E4328148138ABC890047C5CB /* openFrameworksDebug.a */; };
		E45BE97B0E8CC7DD009D7055 /* AGL.framework in Frameworks */ = {isa = PBXBuildFile; fileRef = E45BE9710E8CC7DD009D7055 /* AGL.framework */; };
		E45BE97C0E8CC7DD009D7055 /* ApplicationServices.framework in Frameworks */ = {isa = PBXBuildFile; fileRef = E45BE9720E8CC7DD009D7055 /* ApplicationServices.framework */; };
		E45BE97D0E8CC7DD009D7055 /* AudioToolbox.framework in Frameworks */ = {isa = PBXBuildFile; fileRef = E45BE9730E8CC7DD009D7055 /* AudioToolbox.framework */; };
		E45BE97E0E8CC7DD009D7055 /* Carbon.framework in Frameworks */ = {isa = PBXBuildFile; fileRef = E45BE9740E8CC7DD009D7055 /* Carbon.framework */; };
		E45BE97F0E8CC7DD009D7055 /* CoreAudio.framework in Frameworks */ = {isa = PBXBuildFile; fileRef = E45BE9750E8CC7DD009D7055 /* CoreAudio.framework */; };
		E45BE9800E8CC7DD009D7055 /* CoreFoundation.framework in Frameworks */ = {isa = PBXBuildFile; fileRef = E45BE9760E8CC7DD009D7055 /* CoreFoundation.framework */; };
		E45BE9810E8CC7DD009D7055 /* CoreServices.framework in Frameworks */ = {isa = PBXBuildFile; fileRef = E45BE9770E8CC7DD009D7055 /* CoreServices.framework */; };
		E45BE9830E8CC7DD009D7055 /* OpenGL.framework in Frameworks */ = {isa = PBXBuildFile; fileRef = E45BE9790E8CC7DD009D7055 /* OpenGL.framework */; };
		E45BE9840E8CC7DD009D7055 /* QuickTime.framework in Frameworks */ = {isa = PBXBuildFile; fileRef = E45BE97A0E8CC7DD009D7055 /* QuickTime.framework */; };
		E4B69E200A3A1BDC003C02F2 /* main.cpp in Sources */ = {isa = PBXBuildFile; fileRef = E4B69E1D0A3A1BDC003C02F2 /* main.cpp */; };
		E4C2424710CC5A17004149E2 /* AppKit.framework in Frameworks */ = {isa = PBXBuildFile; fileRef = E4C2424410CC5A17004149E2 /* AppKit.framework */; };
		E4C2424810CC5A17004149E2 /* Cocoa.framework in Frameworks */ = {isa = PBXBuildFile; fileRef = E4C2424510CC5A17004149E2 /* Cocoa.framework */; };
		E4C2424910CC5A17004149E2 /* IOKit.framework in Frameworks */ = {isa = PBXBuildFile; fileRef = E4C2424610CC5A17004149E2 /* IOKit.framework */; };
		E4EB6799138ADC1D00A09F29 /* GLUT.framework in Frameworks */ = {isa = PBXBuildFile; fileRef = BBAB23BE13894E4700AA2426 /* GLUT.framework */; };
		E7E077E515D3B63C0020DFD4 /* CoreVideo.framework in Frameworks */ = {isa = PBXBuildFile; fileRef = E7E077E415D3B63C0020DFD4 /* CoreVideo.framework */; };
		E7E077E815D3B6510020DFD4 /* QTKit.framework in Frameworks */ = {isa = PBXBuildFile; fileRef = E7E077E715D3B6510020DFD4 /* QTKit.framework */; };
		E7F985F815E0DEA3003869B5 /* Accelerate.framework in Frameworks */ = {isa = PBXBuildFile; fileRef = E7F985F515E0DE99003869B5 /* Accelerate.framework */; };
		ae32f1807796b1050e082651a5fbf40d /* json_value.cpp in Sources */ = {isa = PBXBuildFile; fileRef = 0f867b04bf36a560c2493c097d84756e /* json_value.cpp */; };
		b1d48e73497a547da4a66cc70083b9b4 /* WebSocketRouteHandler.cpp in Sources */ = {isa = PBXBuildFile; fileRef = a2edc169003a09cceeeebc98ca9db895 /* WebSocketRouteHandler.cpp */; };
		ba28d41531c2e5f68245dce188795e9e /* IPVideoFrame.cpp in Sources */ = {isa = PBXBuildFile; fileRef = 16d2c2310805718db935df8364d6b0d9 /* IPVideoFrame.cpp */; };
		bccd51113e9050297513852eadc84234 /* BasicServer.cpp in Sources */ = {isa = PBXBuildFile; fileRef = cb65392fe6e82bdc59d33e1bccd3de76 /* BasicServer.cpp */; };
		bdf2abff855faf5822289eefe57b3d7c /* IPVideoFrameSettings.cpp in Sources */ = {isa = PBXBuildFile; fileRef = f96f4e64333f0dcd7959c45dcdfcb860 /* IPVideoFrameSettings.cpp */; };
		bedfee7400c58ea4e412b757bd605a7b /* ofxJSONElement.cpp in Sources */ = {isa = PBXBuildFile; fileRef = f2b099e6bd1199664c48b177eb0b19be /* ofxJSONElement.cpp */; };
		c06458734ff651c910d378b9328fcead /* MediaTypeMap.cpp in Sources */ = {isa = PBXBuildFile; fileRef = a31fb08f6660ce0dc758509eca7313e4 /* MediaTypeMap.cpp */; };
		ca6fd803094a88c38d52112c378372a1 /* IPVideoRoute.cpp in Sources */ = {isa = PBXBuildFile; fileRef = ef9caf9f7a7bbcafaa873255039ee2c0 /* IPVideoRoute.cpp */; };
		d0adba16ddd84c514ca0d18392d61b6a /* WebSocketRoute.cpp in Sources */ = {isa = PBXBuildFile; fileRef = 75f839584e63d703e597bbc9a0d97b10 /* WebSocketRoute.cpp */; };
		ddcf04b30aa586652e56cb96ede7dc74 /* BaseServerSettings.cpp in Sources */ = {isa = PBXBuildFile; fileRef = 56da87215f75834664cb53c6cf313474 /* BaseServerSettings.cpp */; };
		e0af4ca9224879a8514e81a85e000683 /* FileUploadRouteHandler.cpp in Sources */ = {isa = PBXBuildFile; fileRef = 0c68a303d8acc7f4e6dd07403b264f02 /* FileUploadRouteHandler.cpp */; };
		f38851be2ac6db8fd8677b670b2f1174 /* FileSystemRoute.cpp in Sources */ = {isa = PBXBuildFile; fileRef = a60db4d20210f3d4aeae3501b3737536 /* FileSystemRoute.cpp */; };
/* End PBXBuildFile section */

/* Begin PBXContainerItemProxy section */
		E4328147138ABC890047C5CB /* PBXContainerItemProxy */ = {
			isa = PBXContainerItemProxy;
			containerPortal = E4328143138ABC890047C5CB /* openFrameworksLib.xcodeproj */;
			proxyType = 2;
			remoteGlobalIDString = E4B27C1510CBEB8E00536013;
			remoteInfo = openFrameworks;
		};
		E4EEB9AB138B136A00A80321 /* PBXContainerItemProxy */ = {
			isa = PBXContainerItemProxy;
			containerPortal = E4328143138ABC890047C5CB /* openFrameworksLib.xcodeproj */;
			proxyType = 1;
			remoteGlobalIDString = E4B27C1410CBEB8E00536013;
			remoteInfo = openFrameworks;
		};
/* End PBXContainerItemProxy section */

/* Begin PBXCopyFilesBuildPhase section */
		E4C2427710CC5ABF004149E2 /* CopyFiles */ = {
			isa = PBXCopyFilesBuildPhase;
			buildActionMask = 2147483647;
			dstPath = "";
			dstSubfolderSpec = 10;
			files = (
				BBAB23CB13894F3D00AA2426 /* GLUT.framework in CopyFiles */,
			);
			runOnlyForDeploymentPostprocessing = 0;
		};
/* End PBXCopyFilesBuildPhase section */

/* Begin PBXFileReference section */
		064cb964ec9fbc358148523334089fd2 /* BasicServer.h */ = {isa = PBXFileReference; explicitFileType = sourcecode.c.h; fileEncoding = 30; name = BasicServer.h; path = ../../../addons/ofxHTTP/libs/ofxHTTP/Server/include/ofx/HTTP/Server/BasicServer.h; sourceTree = SOURCE_ROOT; };
		0c68a303d8acc7f4e6dd07403b264f02 /* FileUploadRouteHandler.cpp */ = {isa = PBXFileReference; explicitFileType = sourcecode.cpp.cpp; fileEncoding = 30; name = FileUploadRouteHandler.cpp; path = ../../../addons/ofxHTTP/libs/ofxHTTP/Server/src/FileUploadRouteHandler.cpp; sourceTree = SOURCE_ROOT; };
		0cd3145a0f2a0e5266668b1b553e348e /* value.h */ = {isa = PBXFileReference; explicitFileType = sourcecode.c.h; fileEncoding = 30; name = value.h; path = ../../../addons/ofxJSON/libs/jsoncpp/include/json/value.h; sourceTree = SOURCE_ROOT; };
		0f867b04bf36a560c2493c097d84756e /* json_value.cpp */ = {isa = PBXFileReference; explicitFileType = sourcecode.cpp.cpp; fileEncoding = 30; name = json_value.cpp; path = ../../../addons/ofxJSON/libs/jsoncpp/src/json_value.cpp; sourceTree = SOURCE_ROOT; };
		16d2c2310805718db935df8364d6b0d9 /* IPVideoFrame.cpp */ = {isa = PBXFileReference; explicitFileType = sourcecode.cpp.cpp; fileEncoding = 30; name = IPVideoFrame.cpp; path = ../../../addons/ofxHTTP/libs/ofxHTTP/IPVideo/src/IPVideoFrame.cpp; sourceTree = SOURCE_ROOT; };
		19c22cd05d10f78b32ff80c6be3a9385 /* ofApp.cpp */ = {isa = PBXFileReference; explicitFileType = sourcecode.cpp.cpp; fileEncoding = 30; name = ofApp.cpp; path = src/ofApp.cpp; sourceTree = SOURCE_ROOT; };
		2503ba71f298acdc838a1b692d142e84 /* AbstractTypes.h */ = {isa = PBXFileReference; explicitFileType = sourcecode.c.h; fileEncoding = 30; name = AbstractTypes.h; path = ../../../addons/ofxHTTP/libs/ofxHTTP/Types/include/ofx/HTTP/Types/AbstractTypes.h; sourceTree = SOURCE_ROOT; };
		2533ceb78986f9c5dca81feef85fd274 /* IPVideoFrameQueue.h */ = {isa = PBXFileReference; explicitFileType = sourcecode.c.h; fileEncoding = 30; name = IPVideoFrameQueue.h; path = ../../../addons/ofxHTTP/libs/ofxHTTP/IPVideo/include/ofx/HTTP/IPVideo/IPVideoFrameQueue.h; sourceTree = SOURCE_ROOT; };
		25d97d789d755f7c677b6cb324050707 /* BaseRoute.h */ = {isa = PBXFileReference; explicitFileType = sourcecode.c.h; fileEncoding = 30; name = BaseRoute.h; path = ../../../addons/ofxHTTP/libs/ofxHTTP/Server/include/ofx/HTTP/Server/BaseRoute.h; sourceTree = SOURCE_ROOT; };
		26a541233bc6f736e758f718c07ea8ec /* ofxJSONElement.h */ = {isa = PBXFileReference; explicitFileType = sourcecode.c.h; fileEncoding = 30; name = ofxJSONElement.h; path = ../../../addons/ofxJSON/src/ofxJSONElement.h; sourceTree = SOURCE_ROOT; };
		278a183a9cbd4b8c8b2a713068d19a88 /* WebSocketRouteSettings.cpp */ = {isa = PBXFileReference; explicitFileType = sourcecode.cpp.cpp; fileEncoding = 30; name = WebSocketRouteSettings.cpp; path = ../../../addons/ofxHTTP/libs/ofxHTTP/WebSocket/src/WebSocketRouteSettings.cpp; sourceTree = SOURCE_ROOT; };
		2808f2e78b8f755c6e6770a9c7cb0e66 /* BaseWebSocketSessionManager.h */ = {isa = PBXFileReference; explicitFileType = sourcecode.c.h; fileEncoding = 30; name = BaseWebSocketSessionManager.h; path = ../../../addons/ofxHTTP/libs/ofxHTTP/WebSocket/include/ofx/HTTP/WebSocket/BaseWebSocketSessionManager.h; sourceTree = SOURCE_ROOT; };
		2a5644852c8a2f4af99421d1f9ba033a /* WebSocketEvents.h */ = {isa = PBXFileReference; explicitFileType = sourcecode.c.h; fileEncoding = 30; name = WebSocketEvents.h; path = ../../../addons/ofxHTTP/libs/ofxHTTP/WebSocket/include/ofx/HTTP/WebSocket/WebSocketEvents.h; sourceTree = SOURCE_ROOT; };
		2b45d585598b063d693d20eb5a071bb4 /* FileUploadRouteInterface.h */ = {isa = PBXFileReference; explicitFileType = sourcecode.c.h; fileEncoding = 30; name = FileUploadRouteInterface.h; path = ../../../addons/ofxHTTP/libs/ofxHTTP/Server/include/ofx/HTTP/Server/FileUploadRouteInterface.h; sourceTree = SOURCE_ROOT; };
		2c7cf000b7b4f782c187c353cb6fc597 /* json.h */ = {isa = PBXFileReference; explicitFileType = sourcecode.c.h; fileEncoding = 30; name = json.h; path = ../../../addons/ofxJSON/libs/jsoncpp/include/json/json.h; sourceTree = SOURCE_ROOT; };
		30b8f6c00e8b8fd599b1671d62f0b21b /* BasicIPVideoServer.cpp */ = {isa = PBXFileReference; explicitFileType = sourcecode.cpp.cpp; fileEncoding = 30; name = BasicIPVideoServer.cpp; path = ../../../addons/ofxHTTP/libs/ofxHTTP/IPVideo/src/BasicIPVideoServer.cpp; sourceTree = SOURCE_ROOT; };
		339c72c5487c46127430ae8b3bb70e0a /* WebSocketRouteSettings.h */ = {isa = PBXFileReference; explicitFileType = sourcecode.c.h; fileEncoding = 30; name = WebSocketRouteSettings.h; path = ../../../addons/ofxHTTP/libs/ofxHTTP/WebSocket/include/ofx/HTTP/WebSocket/WebSocketRouteSettings.h; sourceTree = SOURCE_ROOT; };
		3aaa856c618c3ddbfba016264295912f /* BasicIPVideoServer.h */ = {isa = PBXFileReference; explicitFileType = sourcecode.c.h; fileEncoding = 30; name = BasicIPVideoServer.h; path = ../../../addons/ofxHTTP/libs/ofxHTTP/IPVideo/include/ofx/HTTP/IPVideo/BasicIPVideoServer.h; sourceTree = SOURCE_ROOT; };
		3ab7cc556552c4930cad049a043e7e71 /* FileSystemRouteInterface.h */ = {isa = PBXFileReference; explicitFileType = sourcecode.c.h; fileEncoding = 30; name = FileSystemRouteInterface.h; path = ../../../addons/ofxHTTP/libs/ofxHTTP/Server/include/ofx/HTTP/Server/FileSystemRouteInterface.h; sourceTree = SOURCE_ROOT; };
		3b0a41f6704c42fd0022105bc604a3ed /* BasicWebSocketServer.h */ = {isa = PBXFileReference; explicitFileType = sourcecode.c.h; fileEncoding = 30; name = BasicWebSocketServer.h; path = ../../../addons/ofxHTTP/libs/ofxHTTP/WebSocket/include/ofx/HTTP/WebSocket/BasicWebSocketServer.h; sourceTree = SOURCE_ROOT; };
		3b869edfc4ea2316217496212b5ae53c /* json_batchallocator.h */ = {isa = PBXFileReference; explicitFileType = sourcecode.c.h; fileEncoding = 30; name = json_batchallocator.h; path = ../../../addons/ofxJSON/libs/jsoncpp/src/json_batchallocator.h; sourceTree = SOURCE_ROOT; };
		3b9821d94d7c2cd5c48c04998d181e51 /* WebSocketRouteHandler.h */ = {isa = PBXFileReference; explicitFileType = sourcecode.c.h; fileEncoding = 30; name = WebSocketRouteHandler.h; path = ../../../addons/ofxHTTP/libs/ofxHTTP/WebSocket/include/ofx/HTTP/WebSocket/WebSocketRouteHandler.h; sourceTree = SOURCE_ROOT; };
		3c5e86c427245c20d743af36086ecc33 /* IPVideoRouteHandler.h */ = {isa = PBXFileReference; explicitFileType = sourcecode.c.h; fileEncoding = 30; name = IPVideoRouteHandler.h; path = ../../../addons/ofxHTTP/libs/ofxHTTP/IPVideo/include/ofx/HTTP/IPVideo/IPVideoRouteHandler.h; sourceTree = SOURCE_ROOT; };
		3d617c098f38a0bbaff34b8ce939dbb8 /* ofxMediaType.h */ = {isa = PBXFileReference; explicitFileType = sourcecode.c.h; fileEncoding = 30; name = ofxMediaType.h; path = ../../../addons/ofxMediaType/src/ofxMediaType.h; sourceTree = SOURCE_ROOT; };
		3ff68fc20d039360589cc96823ea21db /* ThreadErrorHandler.h */ = {isa = PBXFileReference; explicitFileType = sourcecode.c.h; fileEncoding = 30; name = ThreadErrorHandler.h; path = ../../../addons/ofxHTTP/libs/ofxHTTP/Types/include/ofx/HTTP/Types/ThreadErrorHandler.h; sourceTree = SOURCE_ROOT; };
		404ac5c9283814472505247fa776cc4e /* BasicFileUploadServer.cpp */ = {isa = PBXFileReference; explicitFileType = sourcecode.cpp.cpp; fileEncoding = 30; name = BasicFileUploadServer.cpp; path = ../../../addons/ofxHTTP/libs/ofxHTTP/Server/src/BasicFileUploadServer.cpp; sourceTree = SOURCE_ROOT; };
		41e1869af0459a34ac58a25f361e8757 /* AbstractMediaTypeProvider.h */ = {isa = PBXFileReference; explicitFileType = sourcecode.c.h; fileEncoding = 30; name = AbstractMediaTypeProvider.h; path = ../../../addons/ofxMediaType/libs/ofxMediaType/include/ofx/Media/AbstractMediaTypeProvider.h; sourceTree = SOURCE_ROOT; };
		469a15ac78ddcb4496aa1cfbd4918b13 /* BaseRouteSettings.h */ = {isa = PBXFileReference; explicitFileType = sourcecode.c.h; fileEncoding = 30; name = BaseRouteSettings.h; path = ../../../addons/ofxHTTP/libs/ofxHTTP/Server/include/ofx/HTTP/Server/BaseRouteSettings.h; sourceTree = SOURCE_ROOT; };
		493bb228974bf6102d17af1202492617 /* BaseServer.h */ = {isa = PBXFileReference; explicitFileType = sourcecode.c.h; fileEncoding = 30; name = BaseServer.h; path = ../../../addons/ofxHTTP/libs/ofxHTTP/Server/include/ofx/HTTP/Server/BaseServer.h; sourceTree = SOURCE_ROOT; };
		4b1a89dbcbac668dfc606e92ed9b2e93 /* FileSystemRouteHandler.cpp */ = {isa = PBXFileReference; explicitFileType = sourcecode.cpp.cpp; fileEncoding = 30; name = FileSystemRouteHandler.cpp; path = ../../../addons/ofxHTTP/libs/ofxHTTP/Server/src/FileSystemRouteHandler.cpp; sourceTree = SOURCE_ROOT; };
		4b2e373dadeca95e5f079738d63644d6 /* FileSystemRoute.h */ = {isa = PBXFileReference; explicitFileType = sourcecode.c.h; fileEncoding = 30; name = FileSystemRoute.h; path = ../../../addons/ofxHTTP/libs/ofxHTTP/Server/include/ofx/HTTP/Server/FileSystemRoute.h; sourceTree = SOURCE_ROOT; };
		4be5f034df8b8dbdf311ca80e88d80e5 /* WebSocketRouteInterface.h */ = {isa = PBXFileReference; explicitFileType = sourcecode.c.h; fileEncoding = 30; name = WebSocketRouteInterface.h; path = ../../../addons/ofxHTTP/libs/ofxHTTP/WebSocket/include/ofx/HTTP/WebSocket/WebSocketRouteInterface.h; sourceTree = SOURCE_ROOT; };
		554e82f6bf0f134ec9bf40aa12f238c7 /* json_reader.cpp */ = {isa = PBXFileReference; explicitFileType = sourcecode.cpp.cpp; fileEncoding = 30; name = json_reader.cpp; path = ../../../addons/ofxJSON/libs/jsoncpp/src/json_reader.cpp; sourceTree = SOURCE_ROOT; };
		56da87215f75834664cb53c6cf313474 /* BaseServerSettings.cpp */ = {isa = PBXFileReference; explicitFileType = sourcecode.cpp.cpp; fileEncoding = 30; name = BaseServerSettings.cpp; path = ../../../addons/ofxHTTP/libs/ofxHTTP/Server/src/BaseServerSettings.cpp; sourceTree = SOURCE_ROOT; };
		58f8cbf3c566f6908846e5fbf7d0de36 /* json_writer.cpp */ = {isa = PBXFileReference; explicitFileType = sourcecode.cpp.cpp; fileEncoding = 30; name = json_writer.cpp; path = ../../../addons/ofxJSON/libs/jsoncpp/src/json_writer.cpp; sourceTree = SOURCE_ROOT; };
		64752fc622fc0292444668b8636246e9 /* WebSocketFrame.cpp */ = {isa = PBXFileReference; explicitFileType = sourcecode.cpp.cpp; fileEncoding = 30; name = WebSocketFrame.cpp; path = ../../../addons/ofxHTTP/libs/ofxHTTP/WebSocket/src/WebSocketFrame.cpp; sourceTree = SOURCE_ROOT; };
		65fcae08d326d7ef1910a329fc1bcc4f /* writer.h */ = {isa = PBXFileReference; explicitFileType = sourcecode.c.h; fileEncoding = 30; name = writer.h; path = ../../../addons/ofxJSON/libs/jsoncpp/include/json/writer.h; sourceTree = SOURCE_ROOT; };
		6bd1ccc0106c972a82dfab4946fd90ba /* ServerEvents.h */ = {isa = PBXFileReference; explicitFileType = sourcecode.c.h; fileEncoding = 30; name = ServerEvents.h; path = ../../../addons/ofxHTTP/libs/ofxHTTP/Server/include/ofx/HTTP/Server/ServerEvents.h; sourceTree = SOURCE_ROOT; };
		6ea5c9d8be6efa8fa9eb2d2aff113eec /* FileUploadRouteEvents.h */ = {isa = PBXFileReference; explicitFileType = sourcecode.c.h; fileEncoding = 30; name = FileUploadRouteEvents.h; path = ../../../addons/ofxHTTP/libs/ofxHTTP/Server/include/ofx/HTTP/Server/FileUploadRouteEvents.h; sourceTree = SOURCE_ROOT; };
		6f94aca14609a0de769d3b91970279f4 /* features.h */ = {isa = PBXFileReference; explicitFileType = sourcecode.c.h; fileEncoding = 30; name = features.h; path = ../../../addons/ofxJSON/libs/jsoncpp/include/json/features.h; sourceTree = SOURCE_ROOT; };
		755f1dfcc976fbebbe2347a2f53eb2f0 /* IPVideoRoute.h */ = {isa = PBXFileReference; explicitFileType = sourcecode.c.h; fileEncoding = 30; name = IPVideoRoute.h; path = ../../../addons/ofxHTTP/libs/ofxHTTP/IPVideo/include/ofx/HTTP/IPVideo/IPVideoRoute.h; sourceTree = SOURCE_ROOT; };
		75f839584e63d703e597bbc9a0d97b10 /* WebSocketRoute.cpp */ = {isa = PBXFileReference; explicitFileType = sourcecode.cpp.cpp; fileEncoding = 30; name = WebSocketRoute.cpp; path = ../../../addons/ofxHTTP/libs/ofxHTTP/WebSocket/src/WebSocketRoute.cpp; sourceTree = SOURCE_ROOT; };
		78c0819a80fd6a87e8861edae7758d54 /* FileUploadRouteSettings.h */ = {isa = PBXFileReference; explicitFileType = sourcecode.c.h; fileEncoding = 30; name = FileUploadRouteSettings.h; path = ../../../addons/ofxHTTP/libs/ofxHTTP/Server/include/ofx/HTTP/Server/FileUploadRouteSettings.h; sourceTree = SOURCE_ROOT; };
		78d9bd5909114f8f8eb22529dfabde97 /* BaseRouteHandler.cpp */ = {isa = PBXFileReference; explicitFileType = sourcecode.cpp.cpp; fileEncoding = 30; name = BaseRouteHandler.cpp; path = ../../../addons/ofxHTTP/libs/ofxHTTP/Server/src/BaseRouteHandler.cpp; sourceTree = SOURCE_ROOT; };
		84f18d9745353b4de2aaf9f6c382cbb6 /* BaseWebSocketSessionManager.cpp */ = {isa = PBXFileReference; explicitFileType = sourcecode.cpp.cpp; fileEncoding = 30; name = BaseWebSocketSessionManager.cpp; path = ../../../addons/ofxHTTP/libs/ofxHTTP/WebSocket/src/BaseWebSocketSessionManager.cpp; sourceTree = SOURCE_ROOT; };
		84f6287fa54b66c746947875f6690182 /* ofApp.h */ = {isa = PBXFileReference; explicitFileType = sourcecode.c.h; fileEncoding = 30; name = ofApp.h; path = src/ofApp.h; sourceTree = SOURCE_ROOT; };
		84f916f2033198ed9a12104f3d439b0d /* FileUploadRouteSettings.cpp */ = {isa = PBXFileReference; explicitFileType = sourcecode.cpp.cpp; fileEncoding = 30; name = FileUploadRouteSettings.cpp; path = ../../../addons/ofxHTTP/libs/ofxHTTP/Server/src/FileUploadRouteSettings.cpp; sourceTree = SOURCE_ROOT; };
		85b23410de7d3c131c133e8f7b4a1f9e /* WebSocketRoute.h */ = {isa = PBXFileReference; explicitFileType = sourcecode.c.h; fileEncoding = 30; name = WebSocketRoute.h; path = ../../../addons/ofxHTTP/libs/ofxHTTP/WebSocket/include/ofx/HTTP/WebSocket/WebSocketRoute.h; sourceTree = SOURCE_ROOT; };
		88bdf4769d97d7e35625f83b9863a7da /* Utils.h */ = {isa = PBXFileReference; explicitFileType = sourcecode.c.h; fileEncoding = 30; name = Utils.h; path = ../../../addons/ofxHTTP/libs/ofxHTTP/Utils/include/ofx/HTTP/Utils/Utils.h; sourceTree = SOURCE_ROOT; };
		893eaf6d277bcd9d2e8a2dcb08f9b4ff /* Utils.cpp */ = {isa = PBXFileReference; explicitFileType = sourcecode.cpp.cpp; fileEncoding = 30; name = Utils.cpp; path = ../../../addons/ofxHTTP/libs/ofxHTTP/Utils/src/Utils.cpp; sourceTree = SOURCE_ROOT; };
		89be49c24f210c707d98dc2dcaed2f31 /* FileSystemRouteSettings.h */ = {isa = PBXFileReference; explicitFileType = sourcecode.c.h; fileEncoding = 30; name = FileSystemRouteSettings.h; path = ../../../addons/ofxHTTP/libs/ofxHTTP/Server/include/ofx/HTTP/Server/FileSystemRouteSettings.h; sourceTree = SOURCE_ROOT; };
		8ca79de513b4ef4e0b1ef23c4a37e700 /* BaseRouteHandler.h */ = {isa = PBXFileReference; explicitFileType = sourcecode.c.h; fileEncoding = 30; name = BaseRouteHandler.h; path = ../../../addons/ofxHTTP/libs/ofxHTTP/Server/include/ofx/HTTP/Server/BaseRouteHandler.h; sourceTree = SOURCE_ROOT; };
		98169aec4e990dbdf3275463650ffd78 /* config.h */ = {isa = PBXFileReference; explicitFileType = sourcecode.c.h; fileEncoding = 30; name = config.h; path = ../../../addons/ofxJSON/libs/jsoncpp/include/json/config.h; sourceTree = SOURCE_ROOT; };
		9aa22f9d2d22d505f3434357493ea9c2 /* BaseServerSettings.h */ = {isa = PBXFileReference; explicitFileType = sourcecode.c.h; fileEncoding = 30; name = BaseServerSettings.h; path = ../../../addons/ofxHTTP/libs/ofxHTTP/Server/include/ofx/HTTP/Server/BaseServerSettings.h; sourceTree = SOURCE_ROOT; };
		9d442b57eef075842275ec3e96c11c8d /* IPVideoRouteSettings.h */ = {isa = PBXFileReference; explicitFileType = sourcecode.c.h; fileEncoding = 30; name = IPVideoRouteSettings.h; path = ../../../addons/ofxHTTP/libs/ofxHTTP/IPVideo/include/ofx/HTTP/IPVideo/IPVideoRouteSettings.h; sourceTree = SOURCE_ROOT; };
		BBAB23BE13894E4700AA2426 /* GLUT.framework */ = {isa = PBXFileReference; lastKnownFileType = wrapper.framework; name = GLUT.framework; path = ../../../libs/glut/lib/osx/GLUT.framework; sourceTree = "<group>"; };
		E4328143138ABC890047C5CB /* openFrameworksLib.xcodeproj */ = {isa = PBXFileReference; lastKnownFileType = "wrapper.pb-project"; name = openFrameworksLib.xcodeproj; path = ../../../libs/openFrameworksCompiled/project/osx/openFrameworksLib.xcodeproj; sourceTree = SOURCE_ROOT; };
		E45BE9710E8CC7DD009D7055 /* AGL.framework */ = {isa = PBXFileReference; lastKnownFileType = wrapper.framework; name = AGL.framework; path = /System/Library/Frameworks/AGL.framework; sourceTree = "<absolute>"; };
		E45BE9720E8CC7DD009D7055 /* ApplicationServices.framework */ = {isa = PBXFileReference; lastKnownFileType = wrapper.framework; name = ApplicationServices.framework; path = /System/Library/Frameworks/ApplicationServices.framework; sourceTree = "<absolute>"; };
		E45BE9730E8CC7DD009D7055 /* AudioToolbox.framework */ = {isa = PBXFileReference; lastKnownFileType = wrapper.framework; name = AudioToolbox.framework; path = /System/Library/Frameworks/AudioToolbox.framework; sourceTree = "<absolute>"; };
		E45BE9740E8CC7DD009D7055 /* Carbon.framework */ = {isa = PBXFileReference; lastKnownFileType = wrapper.framework; name = Carbon.framework; path = /System/Library/Frameworks/Carbon.framework; sourceTree = "<absolute>"; };
		E45BE9750E8CC7DD009D7055 /* CoreAudio.framework */ = {isa = PBXFileReference; lastKnownFileType = wrapper.framework; name = CoreAudio.framework; path = /System/Library/Frameworks/CoreAudio.framework; sourceTree = "<absolute>"; };
		E45BE9760E8CC7DD009D7055 /* CoreFoundation.framework */ = {isa = PBXFileReference; lastKnownFileType = wrapper.framework; name = CoreFoundation.framework; path = /System/Library/Frameworks/CoreFoundation.framework; sourceTree = "<absolute>"; };
		E45BE9770E8CC7DD009D7055 /* CoreServices.framework */ = {isa = PBXFileReference; lastKnownFileType = wrapper.framework; name = CoreServices.framework; path = /System/Library/Frameworks/CoreServices.framework; sourceTree = "<absolute>"; };
		E45BE9790E8CC7DD009D7055 /* OpenGL.framework */ = {isa = PBXFileReference; lastKnownFileType = wrapper.framework; name = OpenGL.framework; path = /System/Library/Frameworks/OpenGL.framework; sourceTree = "<absolute>"; };
		E45BE97A0E8CC7DD009D7055 /* QuickTime.framework */ = {isa = PBXFileReference; lastKnownFileType = wrapper.framework; name = QuickTime.framework; path = /System/Library/Frameworks/QuickTime.framework; sourceTree = "<absolute>"; };
		E4B69B5B0A3A1756003C02F2 /* example_basic_websocket_serverDebug.app */ = {isa = PBXFileReference; explicitFileType = wrapper.application; includeInIndex = 0; path = example_basic_websocket_serverDebug.app; sourceTree = BUILT_PRODUCTS_DIR; };
		E4B69E1D0A3A1BDC003C02F2 /* main.cpp */ = {isa = PBXFileReference; fileEncoding = 30; lastKnownFileType = sourcecode.cpp.cpp; name = main.cpp; path = src/main.cpp; sourceTree = SOURCE_ROOT; };
		E4B6FCAD0C3E899E008CF71C /* openFrameworks-Info.plist */ = {isa = PBXFileReference; fileEncoding = 30; lastKnownFileType = text.plist.xml; path = "openFrameworks-Info.plist"; sourceTree = "<group>"; };
		E4C2424410CC5A17004149E2 /* AppKit.framework */ = {isa = PBXFileReference; lastKnownFileType = wrapper.framework; name = AppKit.framework; path = /System/Library/Frameworks/AppKit.framework; sourceTree = "<absolute>"; };
		E4C2424510CC5A17004149E2 /* Cocoa.framework */ = {isa = PBXFileReference; lastKnownFileType = wrapper.framework; name = Cocoa.framework; path = /System/Library/Frameworks/Cocoa.framework; sourceTree = "<absolute>"; };
		E4C2424610CC5A17004149E2 /* IOKit.framework */ = {isa = PBXFileReference; lastKnownFileType = wrapper.framework; name = IOKit.framework; path = /System/Library/Frameworks/IOKit.framework; sourceTree = "<absolute>"; };
		E4EB691F138AFCF100A09F29 /* CoreOF.xcconfig */ = {isa = PBXFileReference; fileEncoding = 4; lastKnownFileType = text.xcconfig; name = CoreOF.xcconfig; path = ../../../libs/openFrameworksCompiled/project/osx/CoreOF.xcconfig; sourceTree = SOURCE_ROOT; };
		E4EB6923138AFD0F00A09F29 /* Project.xcconfig */ = {isa = PBXFileReference; fileEncoding = 4; lastKnownFileType = text.xcconfig; path = Project.xcconfig; sourceTree = "<group>"; };
		E7E077E415D3B63C0020DFD4 /* CoreVideo.framework */ = {isa = PBXFileReference; lastKnownFileType = wrapper.framework; name = CoreVideo.framework; path = /System/Library/Frameworks/CoreVideo.framework; sourceTree = "<absolute>"; };
		E7E077E715D3B6510020DFD4 /* QTKit.framework */ = {isa = PBXFileReference; lastKnownFileType = wrapper.framework; name = QTKit.framework; path = /System/Library/Frameworks/QTKit.framework; sourceTree = "<absolute>"; };
		E7F985F515E0DE99003869B5 /* Accelerate.framework */ = {isa = PBXFileReference; lastKnownFileType = wrapper.framework; name = Accelerate.framework; path = /System/Library/Frameworks/Accelerate.framework; sourceTree = "<absolute>"; };
		a2edc169003a09cceeeebc98ca9db895 /* WebSocketRouteHandler.cpp */ = {isa = PBXFileReference; explicitFileType = sourcecode.cpp.cpp; fileEncoding = 30; name = WebSocketRouteHandler.cpp; path = ../../../addons/ofxHTTP/libs/ofxHTTP/WebSocket/src/WebSocketRouteHandler.cpp; sourceTree = SOURCE_ROOT; };
		a31fb08f6660ce0dc758509eca7313e4 /* MediaTypeMap.cpp */ = {isa = PBXFileReference; explicitFileType = sourcecode.cpp.cpp; fileEncoding = 30; name = MediaTypeMap.cpp; path = ../../../addons/ofxMediaType/libs/ofxMediaType/src/MediaTypeMap.cpp; sourceTree = SOURCE_ROOT; };
		a60db4d20210f3d4aeae3501b3737536 /* FileSystemRoute.cpp */ = {isa = PBXFileReference; explicitFileType = sourcecode.cpp.cpp; fileEncoding = 30; name = FileSystemRoute.cpp; path = ../../../addons/ofxHTTP/libs/ofxHTTP/Server/src/FileSystemRoute.cpp; sourceTree = SOURCE_ROOT; };
		aa19c7b5eb9660087056e75a44a0a212 /* forwards.h */ = {isa = PBXFileReference; explicitFileType = sourcecode.c.h; fileEncoding = 30; name = forwards.h; path = ../../../addons/ofxJSON/libs/jsoncpp/include/json/forwards.h; sourceTree = SOURCE_ROOT; };
		aae029f9986fa3bf46e3c592740eac70 /* FileUploadRouteHandler.h */ = {isa = PBXFileReference; explicitFileType = sourcecode.c.h; fileEncoding = 30; name = FileUploadRouteHandler.h; path = ../../../addons/ofxHTTP/libs/ofxHTTP/Server/include/ofx/HTTP/Server/FileUploadRouteHandler.h; sourceTree = SOURCE_ROOT; };
		adb2833f1819c3c64ee7b762dba7a5f3 /* ofxHTTP.h */ = {isa = PBXFileReference; explicitFileType = sourcecode.c.h; fileEncoding = 30; name = ofxHTTP.h; path = ../../../addons/ofxHTTP/src/ofxHTTP.h; sourceTree = SOURCE_ROOT; };
		afb54d4ef64f6d722b244b00209e2168 /* BaseRouteSettings.cpp */ = {isa = PBXFileReference; explicitFileType = sourcecode.cpp.cpp; fileEncoding = 30; name = BaseRouteSettings.cpp; path = ../../../addons/ofxHTTP/libs/ofxHTTP/Server/src/BaseRouteSettings.cpp; sourceTree = SOURCE_ROOT; };
		b27700456cbaeb12f9623cfdc94f60d8 /* BasicWebSocketServer.cpp */ = {isa = PBXFileReference; explicitFileType = sourcecode.cpp.cpp; fileEncoding = 30; name = BasicWebSocketServer.cpp; path = ../../../addons/ofxHTTP/libs/ofxHTTP/WebSocket/src/BasicWebSocketServer.cpp; sourceTree = SOURCE_ROOT; };
		b8a731fcdcb2998df25b90c79bd90f34 /* IPVideoFrameSettings.h */ = {isa = PBXFileReference; explicitFileType = sourcecode.c.h; fileEncoding = 30; name = IPVideoFrameSettings.h; path = ../../../addons/ofxHTTP/libs/ofxHTTP/IPVideo/include/ofx/HTTP/IPVideo/IPVideoFrameSettings.h; sourceTree = SOURCE_ROOT; };
		b9d8774b8b07032d2b7fd1e739c861fa /* FileUploadRoute.cpp */ = {isa = PBXFileReference; explicitFileType = sourcecode.cpp.cpp; fileEncoding = 30; name = FileUploadRoute.cpp; path = ../../../addons/ofxHTTP/libs/ofxHTTP/Server/src/FileUploadRoute.cpp; sourceTree = SOURCE_ROOT; };
		bd4a92a6672eaad67bc38d8602976ac9 /* WebSocketConnection.cpp */ = {isa = PBXFileReference; explicitFileType = sourcecode.cpp.cpp; fileEncoding = 30; name = WebSocketConnection.cpp; path = ../../../addons/ofxHTTP/libs/ofxHTTP/WebSocket/src/WebSocketConnection.cpp; sourceTree = SOURCE_ROOT; };
		bf108748eab88710e9984e0c4b33d78d /* WebSocketFrame.h */ = {isa = PBXFileReference; explicitFileType = sourcecode.c.h; fileEncoding = 30; name = WebSocketFrame.h; path = ../../../addons/ofxHTTP/libs/ofxHTTP/WebSocket/include/ofx/HTTP/WebSocket/WebSocketFrame.h; sourceTree = SOURCE_ROOT; };
		ca5a0ccf67e1750a540808b6600d32d0 /* IPVideoFrame.h */ = {isa = PBXFileReference; explicitFileType = sourcecode.c.h; fileEncoding = 30; name = IPVideoFrame.h; path = ../../../addons/ofxHTTP/libs/ofxHTTP/IPVideo/include/ofx/HTTP/IPVideo/IPVideoFrame.h; sourceTree = SOURCE_ROOT; };
		cb65392fe6e82bdc59d33e1bccd3de76 /* BasicServer.cpp */ = {isa = PBXFileReference; explicitFileType = sourcecode.cpp.cpp; fileEncoding = 30; name = BasicServer.cpp; path = ../../../addons/ofxHTTP/libs/ofxHTTP/Server/src/BasicServer.cpp; sourceTree = SOURCE_ROOT; };
		ccd614cd34308e23048f860ad95d0942 /* MediaTypeMap.h */ = {isa = PBXFileReference; explicitFileType = sourcecode.c.h; fileEncoding = 30; name = MediaTypeMap.h; path = ../../../addons/ofxMediaType/libs/ofxMediaType/include/ofx/Media/MediaTypeMap.h; sourceTree = SOURCE_ROOT; };
		cd24068d0d07ae5210f104ab565547bd /* BaseRoute.cpp */ = {isa = PBXFileReference; explicitFileType = sourcecode.cpp.cpp; fileEncoding = 30; name = BaseRoute.cpp; path = ../../../addons/ofxHTTP/libs/ofxHTTP/Server/src/BaseRoute.cpp; sourceTree = SOURCE_ROOT; };
		ceb6134675010a63e8b81c429fcfbd84 /* IPVideoRouteHandler.cpp */ = {isa = PBXFileReference; explicitFileType = sourcecode.cpp.cpp; fileEncoding = 30; name = IPVideoRouteHandler.cpp; path = ../../../addons/ofxHTTP/libs/ofxHTTP/IPVideo/src/IPVideoRouteHandler.cpp; sourceTree = SOURCE_ROOT; };
		d1a33ce8aee6c2e40245cdea627a999b /* IPVideoFrameQueue.cpp */ = {isa = PBXFileReference; explicitFileType = sourcecode.cpp.cpp; fileEncoding = 30; name = IPVideoFrameQueue.cpp; path = ../../../addons/ofxHTTP/libs/ofxHTTP/IPVideo/src/IPVideoFrameQueue.cpp; sourceTree = SOURCE_ROOT; };
		d289fac84a1604a44a2fa7344c30a31f /* IPVideoRouteSettings.cpp */ = {isa = PBXFileReference; explicitFileType = sourcecode.cpp.cpp; fileEncoding = 30; name = IPVideoRouteSettings.cpp; path = ../../../addons/ofxHTTP/libs/ofxHTTP/IPVideo/src/IPVideoRouteSettings.cpp; sourceTree = SOURCE_ROOT; };
		d5c09faa58f07c4d65b0a5ae46815b3e /* reader.h */ = {isa = PBXFileReference; explicitFileType = sourcecode.c.h; fileEncoding = 30; name = reader.h; path = ../../../addons/ofxJSON/libs/jsoncpp/include/json/reader.h; sourceTree = SOURCE_ROOT; };
		e2b0fd6442a0c3d67b7671c20e86e86b /* WebSocketConnection.h */ = {isa = PBXFileReference; explicitFileType = sourcecode.c.h; fileEncoding = 30; name = WebSocketConnection.h; path = ../../../addons/ofxHTTP/libs/ofxHTTP/WebSocket/include/ofx/HTTP/WebSocket/WebSocketConnection.h; sourceTree = SOURCE_ROOT; };
		e302d03c9ee5c658a6664e2f575ec43c /* BasicFileUploadServer.h */ = {isa = PBXFileReference; explicitFileType = sourcecode.c.h; fileEncoding = 30; name = BasicFileUploadServer.h; path = ../../../addons/ofxHTTP/libs/ofxHTTP/Server/include/ofx/HTTP/Server/BasicFileUploadServer.h; sourceTree = SOURCE_ROOT; };
		e736c8b706469fa04382adfe34f20473 /* autolink.h */ = {isa = PBXFileReference; explicitFileType = sourcecode.c.h; fileEncoding = 30; name = autolink.h; path = ../../../addons/ofxJSON/libs/jsoncpp/include/json/autolink.h; sourceTree = SOURCE_ROOT; };
		e8a772d1ec0f0d882c86a67e5e5a6a69 /* FileSystemRouteHandler.h */ = {isa = PBXFileReference; explicitFileType = sourcecode.c.h; fileEncoding = 30; name = FileSystemRouteHandler.h; path = ../../../addons/ofxHTTP/libs/ofxHTTP/Server/include/ofx/HTTP/Server/FileSystemRouteHandler.h; sourceTree = SOURCE_ROOT; };
		ecea8ed65e66e0737e9b030394bde5ef /* FileUploadRoute.h */ = {isa = PBXFileReference; explicitFileType = sourcecode.c.h; fileEncoding = 30; name = FileUploadRoute.h; path = ../../../addons/ofxHTTP/libs/ofxHTTP/Server/include/ofx/HTTP/Server/FileUploadRoute.h; sourceTree = SOURCE_ROOT; };
		ef9caf9f7a7bbcafaa873255039ee2c0 /* IPVideoRoute.cpp */ = {isa = PBXFileReference; explicitFileType = sourcecode.cpp.cpp; fileEncoding = 30; name = IPVideoRoute.cpp; path = ../../../addons/ofxHTTP/libs/ofxHTTP/IPVideo/src/IPVideoRoute.cpp; sourceTree = SOURCE_ROOT; };
		efddf1a86ce5c1107eff387323ffdc0e /* json_tool.h */ = {isa = PBXFileReference; explicitFileType = sourcecode.c.h; fileEncoding = 30; name = json_tool.h; path = ../../../addons/ofxJSON/libs/jsoncpp/src/json_tool.h; sourceTree = SOURCE_ROOT; };
		f23900c41c174111bc1f68de7ea5d436 /* IPVideoRouteInterface.h */ = {isa = PBXFileReference; explicitFileType = sourcecode.c.h; fileEncoding = 30; name = IPVideoRouteInterface.h; path = ../../../addons/ofxHTTP/libs/ofxHTTP/IPVideo/include/ofx/HTTP/IPVideo/IPVideoRouteInterface.h; sourceTree = SOURCE_ROOT; };
		f2b099e6bd1199664c48b177eb0b19be /* ofxJSONElement.cpp */ = {isa = PBXFileReference; explicitFileType = sourcecode.cpp.cpp; fileEncoding = 30; name = ofxJSONElement.cpp; path = ../../../addons/ofxJSON/src/ofxJSONElement.cpp; sourceTree = SOURCE_ROOT; };
		f55e4093ca39fea27b99f07bd089642d /* FileSystemRouteSettings.cpp */ = {isa = PBXFileReference; explicitFileType = sourcecode.cpp.cpp; fileEncoding = 30; name = FileSystemRouteSettings.cpp; path = ../../../addons/ofxHTTP/libs/ofxHTTP/Server/src/FileSystemRouteSettings.cpp; sourceTree = SOURCE_ROOT; };
		f96f4e64333f0dcd7959c45dcdfcb860 /* IPVideoFrameSettings.cpp */ = {isa = PBXFileReference; explicitFileType = sourcecode.cpp.cpp; fileEncoding = 30; name = IPVideoFrameSettings.cpp; path = ../../../addons/ofxHTTP/libs/ofxHTTP/IPVideo/src/IPVideoFrameSettings.cpp; sourceTree = SOURCE_ROOT; };
/* End PBXFileReference section */

/* Begin PBXFrameworksBuildPhase section */
		E4B69B590A3A1756003C02F2 /* Frameworks */ = {
			isa = PBXFrameworksBuildPhase;
			buildActionMask = 2147483647;
			files = (
				E7F985F815E0DEA3003869B5 /* Accelerate.framework in Frameworks */,
				E7E077E815D3B6510020DFD4 /* QTKit.framework in Frameworks */,
				E4EB6799138ADC1D00A09F29 /* GLUT.framework in Frameworks */,
				E4328149138ABC9F0047C5CB /* openFrameworksDebug.a in Frameworks */,
				E45BE97B0E8CC7DD009D7055 /* AGL.framework in Frameworks */,
				E45BE97C0E8CC7DD009D7055 /* ApplicationServices.framework in Frameworks */,
				E45BE97D0E8CC7DD009D7055 /* AudioToolbox.framework in Frameworks */,
				E45BE97E0E8CC7DD009D7055 /* Carbon.framework in Frameworks */,
				E45BE97F0E8CC7DD009D7055 /* CoreAudio.framework in Frameworks */,
				E45BE9800E8CC7DD009D7055 /* CoreFoundation.framework in Frameworks */,
				E45BE9810E8CC7DD009D7055 /* CoreServices.framework in Frameworks */,
				E45BE9830E8CC7DD009D7055 /* OpenGL.framework in Frameworks */,
				E45BE9840E8CC7DD009D7055 /* QuickTime.framework in Frameworks */,
				E4C2424710CC5A17004149E2 /* AppKit.framework in Frameworks */,
				E4C2424810CC5A17004149E2 /* Cocoa.framework in Frameworks */,
				E4C2424910CC5A17004149E2 /* IOKit.framework in Frameworks */,
				E7E077E515D3B63C0020DFD4 /* CoreVideo.framework in Frameworks */,
			);
			runOnlyForDeploymentPostprocessing = 0;
		};
/* End PBXFrameworksBuildPhase section */

/* Begin PBXGroup section */
		02258b57617e63d6251ef7634be986d8 /* ofxHTTP */ = {
			isa = PBXGroup;
			children = (
				0851b5424e50adc185e7ece6e52951db /* src */,
				6f6836a5f2e1c798778bdc16a46d6e2a /* libs */,
			);
			name = ofxHTTP;
			sourceTree = "<group>";
		};
		06ad0ecb5a094dccc64e76bff5504b2b /* HTTP */ = {
			isa = PBXGroup;
			children = (
				76dd19deab22ef53c44f6fec1abcf852 /* Utils */,
			);
			name = HTTP;
			sourceTree = "<group>";
		};
		0851b5424e50adc185e7ece6e52951db /* src */ = {
			isa = PBXGroup;
			children = (
				adb2833f1819c3c64ee7b762dba7a5f3 /* ofxHTTP.h */,
			);
			name = src;
			sourceTree = "<group>";
		};
		0e4636c5bb1ea200119a4e22f6f5fd36 /* src */ = {
			isa = PBXGroup;
			children = (
				84f18d9745353b4de2aaf9f6c382cbb6 /* BaseWebSocketSessionManager.cpp */,
				b27700456cbaeb12f9623cfdc94f60d8 /* BasicWebSocketServer.cpp */,
				bd4a92a6672eaad67bc38d8602976ac9 /* WebSocketConnection.cpp */,
				64752fc622fc0292444668b8636246e9 /* WebSocketFrame.cpp */,
				75f839584e63d703e597bbc9a0d97b10 /* WebSocketRoute.cpp */,
				a2edc169003a09cceeeebc98ca9db895 /* WebSocketRouteHandler.cpp */,
				278a183a9cbd4b8c8b2a713068d19a88 /* WebSocketRouteSettings.cpp */,
			);
			name = src;
			sourceTree = "<group>";
		};
		0e47fc6ec71164546d7eb1062a80e74d /* ofx */ = {
			isa = PBXGroup;
			children = (
				7c8023537f431bb17a6ed2446dc5ea0c /* HTTP */,
			);
			name = ofx;
			sourceTree = "<group>";
		};
		136e83861b97b213d317964e3649f385 /* libs */ = {
			isa = PBXGroup;
			children = (
				5a17383e6e5d023521ee380849698674 /* ofxMediaType */,
			);
			name = libs;
			sourceTree = "<group>";
		};
		15e9bcf7fec0daa83355ccc2fae7a53f /* IPVideo */ = {
			isa = PBXGroup;
			children = (
				ae593b0f0ee55eae444bef443df95241 /* include */,
				1c8952d8f826f9badcab3358fd501d10 /* src */,
			);
			name = IPVideo;
			sourceTree = "<group>";
		};
		18ae707f3d8b3ebbc189224d2692d868 /* ofxHTTP */ = {
			isa = PBXGroup;
			children = (
				15e9bcf7fec0daa83355ccc2fae7a53f /* IPVideo */,
				d4dadbd3753e135c42917b66039dd8ef /* Server */,
				b491042eab0ac7b700341c87a1cbf782 /* Types */,
				30c223ebf99a9d28e5e6a99d36e40e11 /* Utils */,
				3e6efe9f6cc349ff1478ce7fd372b35d /* WebSocket */,
			);
			name = ofxHTTP;
			sourceTree = "<group>";
		};
		1c8952d8f826f9badcab3358fd501d10 /* src */ = {
			isa = PBXGroup;
			children = (
				30b8f6c00e8b8fd599b1671d62f0b21b /* BasicIPVideoServer.cpp */,
				16d2c2310805718db935df8364d6b0d9 /* IPVideoFrame.cpp */,
				d1a33ce8aee6c2e40245cdea627a999b /* IPVideoFrameQueue.cpp */,
				f96f4e64333f0dcd7959c45dcdfcb860 /* IPVideoFrameSettings.cpp */,
				ef9caf9f7a7bbcafaa873255039ee2c0 /* IPVideoRoute.cpp */,
				ceb6134675010a63e8b81c429fcfbd84 /* IPVideoRouteHandler.cpp */,
				d289fac84a1604a44a2fa7344c30a31f /* IPVideoRouteSettings.cpp */,
			);
			name = src;
			sourceTree = "<group>";
		};
		21269d876d3724330a9501ed8c9f9160 /* ofx */ = {
			isa = PBXGroup;
			children = (
				ec4a2a609e898990f6b04ca2f95264b6 /* HTTP */,
			);
			name = ofx;
			sourceTree = "<group>";
		};
		2865daef86b1907a704ca70bc58ce980 /* ofxJSON */ = {
			isa = PBXGroup;
			children = (
				292af6148769654d0df26018ef37b13b /* src */,
				f40e80cb2d443cba9581dd03c57dde89 /* libs */,
			);
			name = ofxJSON;
			sourceTree = "<group>";
		};
		292af6148769654d0df26018ef37b13b /* src */ = {
			isa = PBXGroup;
			children = (
				f2b099e6bd1199664c48b177eb0b19be /* ofxJSONElement.cpp */,
				26a541233bc6f736e758f718c07ea8ec /* ofxJSONElement.h */,
			);
			name = src;
			sourceTree = "<group>";
		};
		30c223ebf99a9d28e5e6a99d36e40e11 /* Utils */ = {
			isa = PBXGroup;
			children = (
				69f413c62a2c49d0fd8817758c116db2 /* include */,
				b26de133e9ad2c1f411ee0ccf42afa14 /* src */,
			);
			name = Utils;
			sourceTree = "<group>";
		};
		37770156d0a707f3d6ec4513e70f68e2 /* ofx */ = {
			isa = PBXGroup;
			children = (
				660a267f285b81eda4965383788c9a17 /* HTTP */,
			);
			name = ofx;
			sourceTree = "<group>";
		};
		3ba5625b108c45b300344087f641f995 /* include */ = {
			isa = PBXGroup;
			children = (
				37770156d0a707f3d6ec4513e70f68e2 /* ofx */,
			);
			name = include;
			sourceTree = "<group>";
		};
		3db95d6ff39ca0ebf3373517326bbc2c /* include */ = {
			isa = PBXGroup;
			children = (
				0e47fc6ec71164546d7eb1062a80e74d /* ofx */,
			);
			name = include;
			sourceTree = "<group>";
		};
		3e6efe9f6cc349ff1478ce7fd372b35d /* WebSocket */ = {
			isa = PBXGroup;
			children = (
				3ba5625b108c45b300344087f641f995 /* include */,
				0e4636c5bb1ea200119a4e22f6f5fd36 /* src */,
			);
			name = WebSocket;
			sourceTree = "<group>";
		};
		41f59f7fe879b23d8f98c7b1d867b35f /* src */ = {
			isa = PBXGroup;
			children = (
				cd24068d0d07ae5210f104ab565547bd /* BaseRoute.cpp */,
				78d9bd5909114f8f8eb22529dfabde97 /* BaseRouteHandler.cpp */,
				afb54d4ef64f6d722b244b00209e2168 /* BaseRouteSettings.cpp */,
				56da87215f75834664cb53c6cf313474 /* BaseServerSettings.cpp */,
				404ac5c9283814472505247fa776cc4e /* BasicFileUploadServer.cpp */,
				cb65392fe6e82bdc59d33e1bccd3de76 /* BasicServer.cpp */,
				a60db4d20210f3d4aeae3501b3737536 /* FileSystemRoute.cpp */,
				4b1a89dbcbac668dfc606e92ed9b2e93 /* FileSystemRouteHandler.cpp */,
				f55e4093ca39fea27b99f07bd089642d /* FileSystemRouteSettings.cpp */,
				b9d8774b8b07032d2b7fd1e739c861fa /* FileUploadRoute.cpp */,
				0c68a303d8acc7f4e6dd07403b264f02 /* FileUploadRouteHandler.cpp */,
				84f916f2033198ed9a12104f3d439b0d /* FileUploadRouteSettings.cpp */,
			);
			name = src;
			sourceTree = "<group>";
		};
		456eae3056f6c5f26581b4f09550aa68 /* Types */ = {
			isa = PBXGroup;
			children = (
				2503ba71f298acdc838a1b692d142e84 /* AbstractTypes.h */,
				3ff68fc20d039360589cc96823ea21db /* ThreadErrorHandler.h */,
			);
			name = Types;
			sourceTree = "<group>";
		};
		58ad3bd71b781d9bc25763c8ec8bc3f0 /* json */ = {
			isa = PBXGroup;
			children = (
				e736c8b706469fa04382adfe34f20473 /* autolink.h */,
				98169aec4e990dbdf3275463650ffd78 /* config.h */,
				6f94aca14609a0de769d3b91970279f4 /* features.h */,
				aa19c7b5eb9660087056e75a44a0a212 /* forwards.h */,
				2c7cf000b7b4f782c187c353cb6fc597 /* json.h */,
				d5c09faa58f07c4d65b0a5ae46815b3e /* reader.h */,
				0cd3145a0f2a0e5266668b1b553e348e /* value.h */,
				65fcae08d326d7ef1910a329fc1bcc4f /* writer.h */,
			);
			name = json;
			sourceTree = "<group>";
		};
		5a17383e6e5d023521ee380849698674 /* ofxMediaType */ = {
			isa = PBXGroup;
			children = (
				8f72c8c7ab01dc4fe562fffc1d96272f /* include */,
				a38a722d40b48826a2dc9fa75bed6707 /* src */,
			);
			name = ofxMediaType;
			sourceTree = "<group>";
		};
		5dde29fdf82f3b602c5e55424ed7d747 /* IPVideo */ = {
			isa = PBXGroup;
			children = (
				3aaa856c618c3ddbfba016264295912f /* BasicIPVideoServer.h */,
				ca5a0ccf67e1750a540808b6600d32d0 /* IPVideoFrame.h */,
				2533ceb78986f9c5dca81feef85fd274 /* IPVideoFrameQueue.h */,
				b8a731fcdcb2998df25b90c79bd90f34 /* IPVideoFrameSettings.h */,
				755f1dfcc976fbebbe2347a2f53eb2f0 /* IPVideoRoute.h */,
				3c5e86c427245c20d743af36086ecc33 /* IPVideoRouteHandler.h */,
				f23900c41c174111bc1f68de7ea5d436 /* IPVideoRouteInterface.h */,
				9d442b57eef075842275ec3e96c11c8d /* IPVideoRouteSettings.h */,
			);
			name = IPVideo;
			sourceTree = "<group>";
		};
		660a267f285b81eda4965383788c9a17 /* HTTP */ = {
			isa = PBXGroup;
			children = (
				f38805c8f71a40edea17f07f794959df /* WebSocket */,
			);
			name = HTTP;
			sourceTree = "<group>";
		};
		6827db82aad37b20d509dea866328f82 /* ofxMediaType */ = {
			isa = PBXGroup;
			children = (
				766d1646d6ed247266df7448d2cdb65c /* src */,
				136e83861b97b213d317964e3649f385 /* libs */,
			);
			name = ofxMediaType;
			sourceTree = "<group>";
		};
		69f413c62a2c49d0fd8817758c116db2 /* include */ = {
			isa = PBXGroup;
			children = (
				eb8d2093ceda7de76210f9d6c9d92903 /* ofx */,
			);
			name = include;
			sourceTree = "<group>";
		};
		6f6836a5f2e1c798778bdc16a46d6e2a /* libs */ = {
			isa = PBXGroup;
			children = (
				18ae707f3d8b3ebbc189224d2692d868 /* ofxHTTP */,
			);
			name = libs;
			sourceTree = "<group>";
		};
		766d1646d6ed247266df7448d2cdb65c /* src */ = {
			isa = PBXGroup;
			children = (
				3d617c098f38a0bbaff34b8ce939dbb8 /* ofxMediaType.h */,
			);
			name = src;
			sourceTree = "<group>";
		};
		76dd19deab22ef53c44f6fec1abcf852 /* Utils */ = {
			isa = PBXGroup;
			children = (
				88bdf4769d97d7e35625f83b9863a7da /* Utils.h */,
			);
			name = Utils;
			sourceTree = "<group>";
		};
		7c8023537f431bb17a6ed2446dc5ea0c /* HTTP */ = {
			isa = PBXGroup;
			children = (
				456eae3056f6c5f26581b4f09550aa68 /* Types */,
			);
			name = HTTP;
			sourceTree = "<group>";
		};
		8d353bbce88f9543c70cab261c902104 /* ofx */ = {
			isa = PBXGroup;
			children = (
				feafacc9ec7189c6f850a93997a38478 /* HTTP */,
			);
			name = ofx;
			sourceTree = "<group>";
		};
		8f72c8c7ab01dc4fe562fffc1d96272f /* include */ = {
			isa = PBXGroup;
			children = (
				acc9e99b2e5c5ea7ceddb8ffa9e2c984 /* ofx */,
			);
			name = include;
			sourceTree = "<group>";
		};
		977a836dd2c489ccc5e330fff7b818bd /* jsoncpp */ = {
			isa = PBXGroup;
			children = (
				d486fc87f063317bb47e9fac176ade3a /* include */,
				ccdc6f9ccf925cc402160b85bf984424 /* src */,
			);
			name = jsoncpp;
			sourceTree = "<group>";
		};
		BB4B014C10F69532006C3DED /* addons */ = {
			isa = PBXGroup;
			children = (
				02258b57617e63d6251ef7634be986d8 /* ofxHTTP */,
				2865daef86b1907a704ca70bc58ce980 /* ofxJSON */,
				6827db82aad37b20d509dea866328f82 /* ofxMediaType */,
			);
			name = addons;
			sourceTree = "<group>";
		};
		BBAB23C913894ECA00AA2426 /* system frameworks */ = {
			isa = PBXGroup;
			children = (
				E7F985F515E0DE99003869B5 /* Accelerate.framework */,
				E4C2424410CC5A17004149E2 /* AppKit.framework */,
				E4C2424510CC5A17004149E2 /* Cocoa.framework */,
				E4C2424610CC5A17004149E2 /* IOKit.framework */,
				E45BE9710E8CC7DD009D7055 /* AGL.framework */,
				E45BE9720E8CC7DD009D7055 /* ApplicationServices.framework */,
				E45BE9730E8CC7DD009D7055 /* AudioToolbox.framework */,
				E45BE9740E8CC7DD009D7055 /* Carbon.framework */,
				E45BE9750E8CC7DD009D7055 /* CoreAudio.framework */,
				E45BE9760E8CC7DD009D7055 /* CoreFoundation.framework */,
				E45BE9770E8CC7DD009D7055 /* CoreServices.framework */,
				E45BE9790E8CC7DD009D7055 /* OpenGL.framework */,
				E45BE97A0E8CC7DD009D7055 /* QuickTime.framework */,
				E7E077E415D3B63C0020DFD4 /* CoreVideo.framework */,
				E7E077E715D3B6510020DFD4 /* QTKit.framework */,
			);
			name = "system frameworks";
			sourceTree = "<group>";
		};
		BBAB23CA13894EDB00AA2426 /* 3rd party frameworks */ = {
			isa = PBXGroup;
			children = (
				BBAB23BE13894E4700AA2426 /* GLUT.framework */,
			);
			name = "3rd party frameworks";
			sourceTree = "<group>";
		};
		E4328144138ABC890047C5CB /* Products */ = {
			isa = PBXGroup;
			children = (
				E4328148138ABC890047C5CB /* openFrameworksDebug.a */,
			);
			name = Products;
			sourceTree = "<group>";
		};
		E45BE5980E8CC70C009D7055 /* frameworks */ = {
			isa = PBXGroup;
			children = (
				BBAB23CA13894EDB00AA2426 /* 3rd party frameworks */,
				BBAB23C913894ECA00AA2426 /* system frameworks */,
			);
			name = frameworks;
			sourceTree = "<group>";
		};
		E4B69B4A0A3A1720003C02F2 = {
			isa = PBXGroup;
			children = (
				E4B6FCAD0C3E899E008CF71C /* openFrameworks-Info.plist */,
				E4EB6923138AFD0F00A09F29 /* Project.xcconfig */,
				E4B69E1C0A3A1BDC003C02F2 /* src */,
				E4EEC9E9138DF44700A80321 /* openFrameworks */,
				BB4B014C10F69532006C3DED /* addons */,
				E45BE5980E8CC70C009D7055 /* frameworks */,
				E4B69B5B0A3A1756003C02F2 /* example_basic_websocket_serverDebug.app */,
			);
			sourceTree = "<group>";
		};
		E4B69E1C0A3A1BDC003C02F2 /* src */ = {
			isa = PBXGroup;
			children = (
				E4B69E1D0A3A1BDC003C02F2 /* main.cpp */,
				19c22cd05d10f78b32ff80c6be3a9385 /* ofApp.cpp */,
				84f6287fa54b66c746947875f6690182 /* ofApp.h */,
			);
			path = src;
			sourceTree = SOURCE_ROOT;
		};
		E4EEC9E9138DF44700A80321 /* openFrameworks */ = {
			isa = PBXGroup;
			children = (
				E4EB691F138AFCF100A09F29 /* CoreOF.xcconfig */,
				E4328143138ABC890047C5CB /* openFrameworksLib.xcodeproj */,
			);
			name = openFrameworks;
			sourceTree = "<group>";
		};
		a38a722d40b48826a2dc9fa75bed6707 /* src */ = {
			isa = PBXGroup;
			children = (
				a31fb08f6660ce0dc758509eca7313e4 /* MediaTypeMap.cpp */,
			);
			name = src;
			sourceTree = "<group>";
		};
		acc9e99b2e5c5ea7ceddb8ffa9e2c984 /* ofx */ = {
			isa = PBXGroup;
			children = (
				eb54cbdcf702757a9d9ba627c01fa2e0 /* Media */,
			);
			name = ofx;
			sourceTree = "<group>";
		};
		ae593b0f0ee55eae444bef443df95241 /* include */ = {
			isa = PBXGroup;
			children = (
				8d353bbce88f9543c70cab261c902104 /* ofx */,
			);
			name = include;
			sourceTree = "<group>";
		};
		b26de133e9ad2c1f411ee0ccf42afa14 /* src */ = {
			isa = PBXGroup;
			children = (
				893eaf6d277bcd9d2e8a2dcb08f9b4ff /* Utils.cpp */,
			);
			name = src;
			sourceTree = "<group>";
		};
		b491042eab0ac7b700341c87a1cbf782 /* Types */ = {
			isa = PBXGroup;
			children = (
				3db95d6ff39ca0ebf3373517326bbc2c /* include */,
			);
			name = Types;
			sourceTree = "<group>";
		};
		ccdc6f9ccf925cc402160b85bf984424 /* src */ = {
			isa = PBXGroup;
			children = (
				3b869edfc4ea2316217496212b5ae53c /* json_batchallocator.h */,
				554e82f6bf0f134ec9bf40aa12f238c7 /* json_reader.cpp */,
				efddf1a86ce5c1107eff387323ffdc0e /* json_tool.h */,
				0f867b04bf36a560c2493c097d84756e /* json_value.cpp */,
				58f8cbf3c566f6908846e5fbf7d0de36 /* json_writer.cpp */,
			);
			name = src;
			sourceTree = "<group>";
		};
		d486fc87f063317bb47e9fac176ade3a /* include */ = {
			isa = PBXGroup;
			children = (
				58ad3bd71b781d9bc25763c8ec8bc3f0 /* json */,
			);
			name = include;
			sourceTree = "<group>";
		};
		d4dadbd3753e135c42917b66039dd8ef /* Server */ = {
			isa = PBXGroup;
			children = (
				f256f98a56770ecaeb5af2aeeff40eab /* include */,
				41f59f7fe879b23d8f98c7b1d867b35f /* src */,
			);
			name = Server;
			sourceTree = "<group>";
		};
		eb54cbdcf702757a9d9ba627c01fa2e0 /* Media */ = {
			isa = PBXGroup;
			children = (
				41e1869af0459a34ac58a25f361e8757 /* AbstractMediaTypeProvider.h */,
				ccd614cd34308e23048f860ad95d0942 /* MediaTypeMap.h */,
			);
			name = Media;
			sourceTree = "<group>";
		};
		eb8d2093ceda7de76210f9d6c9d92903 /* ofx */ = {
			isa = PBXGroup;
			children = (
				06ad0ecb5a094dccc64e76bff5504b2b /* HTTP */,
			);
			name = ofx;
			sourceTree = "<group>";
		};
		ec497f32e852504f2d58ae8efb7448e5 /* Server */ = {
			isa = PBXGroup;
			children = (
				25d97d789d755f7c677b6cb324050707 /* BaseRoute.h */,
				8ca79de513b4ef4e0b1ef23c4a37e700 /* BaseRouteHandler.h */,
				469a15ac78ddcb4496aa1cfbd4918b13 /* BaseRouteSettings.h */,
				493bb228974bf6102d17af1202492617 /* BaseServer.h */,
				9aa22f9d2d22d505f3434357493ea9c2 /* BaseServerSettings.h */,
				e302d03c9ee5c658a6664e2f575ec43c /* BasicFileUploadServer.h */,
				064cb964ec9fbc358148523334089fd2 /* BasicServer.h */,
				4b2e373dadeca95e5f079738d63644d6 /* FileSystemRoute.h */,
				e8a772d1ec0f0d882c86a67e5e5a6a69 /* FileSystemRouteHandler.h */,
				3ab7cc556552c4930cad049a043e7e71 /* FileSystemRouteInterface.h */,
				89be49c24f210c707d98dc2dcaed2f31 /* FileSystemRouteSettings.h */,
				ecea8ed65e66e0737e9b030394bde5ef /* FileUploadRoute.h */,
				6ea5c9d8be6efa8fa9eb2d2aff113eec /* FileUploadRouteEvents.h */,
				aae029f9986fa3bf46e3c592740eac70 /* FileUploadRouteHandler.h */,
				2b45d585598b063d693d20eb5a071bb4 /* FileUploadRouteInterface.h */,
				78c0819a80fd6a87e8861edae7758d54 /* FileUploadRouteSettings.h */,
				6bd1ccc0106c972a82dfab4946fd90ba /* ServerEvents.h */,
			);
			name = Server;
			sourceTree = "<group>";
		};
		ec4a2a609e898990f6b04ca2f95264b6 /* HTTP */ = {
			isa = PBXGroup;
			children = (
				ec497f32e852504f2d58ae8efb7448e5 /* Server */,
			);
			name = HTTP;
			sourceTree = "<group>";
		};
		f256f98a56770ecaeb5af2aeeff40eab /* include */ = {
			isa = PBXGroup;
			children = (
				21269d876d3724330a9501ed8c9f9160 /* ofx */,
			);
			name = include;
			sourceTree = "<group>";
		};
		f38805c8f71a40edea17f07f794959df /* WebSocket */ = {
			isa = PBXGroup;
			children = (
				2808f2e78b8f755c6e6770a9c7cb0e66 /* BaseWebSocketSessionManager.h */,
				3b0a41f6704c42fd0022105bc604a3ed /* BasicWebSocketServer.h */,
				e2b0fd6442a0c3d67b7671c20e86e86b /* WebSocketConnection.h */,
				2a5644852c8a2f4af99421d1f9ba033a /* WebSocketEvents.h */,
				bf108748eab88710e9984e0c4b33d78d /* WebSocketFrame.h */,
				85b23410de7d3c131c133e8f7b4a1f9e /* WebSocketRoute.h */,
				3b9821d94d7c2cd5c48c04998d181e51 /* WebSocketRouteHandler.h */,
				4be5f034df8b8dbdf311ca80e88d80e5 /* WebSocketRouteInterface.h */,
				339c72c5487c46127430ae8b3bb70e0a /* WebSocketRouteSettings.h */,
			);
			name = WebSocket;
			sourceTree = "<group>";
		};
		f40e80cb2d443cba9581dd03c57dde89 /* libs */ = {
			isa = PBXGroup;
			children = (
				977a836dd2c489ccc5e330fff7b818bd /* jsoncpp */,
			);
			name = libs;
			sourceTree = "<group>";
		};
		feafacc9ec7189c6f850a93997a38478 /* HTTP */ = {
			isa = PBXGroup;
			children = (
				5dde29fdf82f3b602c5e55424ed7d747 /* IPVideo */,
			);
			name = HTTP;
			sourceTree = "<group>";
		};
/* End PBXGroup section */

/* Begin PBXNativeTarget section */
		E4B69B5A0A3A1756003C02F2 /* example_basic_websocket_server */ = {
			isa = PBXNativeTarget;
			buildConfigurationList = E4B69B5F0A3A1757003C02F2 /* Build configuration list for PBXNativeTarget "example_basic_websocket_server" */;
			buildPhases = (
				E4B69B580A3A1756003C02F2 /* Sources */,
				E4B69B590A3A1756003C02F2 /* Frameworks */,
				E4B6FFFD0C3F9AB9008CF71C /* ShellScript */,
				E4C2427710CC5ABF004149E2 /* CopyFiles */,
			);
			buildRules = (
			);
			dependencies = (
				E4EEB9AC138B136A00A80321 /* PBXTargetDependency */,
			);
			name = example_basic_websocket_server;
			productName = myOFApp;
			productReference = E4B69B5B0A3A1756003C02F2 /* example_basic_websocket_serverDebug.app */;
			productType = "com.apple.product-type.application";
		};
/* End PBXNativeTarget section */

/* Begin PBXProject section */
		E4B69B4C0A3A1720003C02F2 /* Project object */ = {
			isa = PBXProject;
			attributes = {
				LastUpgradeCheck = 0460;
			};
			buildConfigurationList = E4B69B4D0A3A1720003C02F2 /* Build configuration list for PBXProject "example_basic_websocket_server" */;
			compatibilityVersion = "Xcode 3.2";
			developmentRegion = English;
			hasScannedForEncodings = 0;
			knownRegions = (
				English,
				Japanese,
				French,
				German,
			);
			mainGroup = E4B69B4A0A3A1720003C02F2;
			productRefGroup = E4B69B4A0A3A1720003C02F2;
			projectDirPath = "";
			projectReferences = (
				{
					ProductGroup = E4328144138ABC890047C5CB /* Products */;
					ProjectRef = E4328143138ABC890047C5CB /* openFrameworksLib.xcodeproj */;
				},
			);
			projectRoot = "";
			targets = (
				E4B69B5A0A3A1756003C02F2 /* example_basic_websocket_server */,
			);
		};
/* End PBXProject section */

/* Begin PBXReferenceProxy section */
		E4328148138ABC890047C5CB /* openFrameworksDebug.a */ = {
			isa = PBXReferenceProxy;
			fileType = archive.ar;
			path = openFrameworksDebug.a;
			remoteRef = E4328147138ABC890047C5CB /* PBXContainerItemProxy */;
			sourceTree = BUILT_PRODUCTS_DIR;
		};
/* End PBXReferenceProxy section */

/* Begin PBXShellScriptBuildPhase section */
		E4B6FFFD0C3F9AB9008CF71C /* ShellScript */ = {
			isa = PBXShellScriptBuildPhase;
			buildActionMask = 2147483647;
			files = (
			);
			inputPaths = (
			);
			outputPaths = (
			);
			runOnlyForDeploymentPostprocessing = 0;
			shellPath = /bin/sh;
			shellScript = "cp -f ../../../libs/fmodex/lib/osx/libfmodex.dylib \"$TARGET_BUILD_DIR/$PRODUCT_NAME.app/Contents/MacOS/libfmodex.dylib\"; install_name_tool -change ./libfmodex.dylib @executable_path/libfmodex.dylib \"$TARGET_BUILD_DIR/$PRODUCT_NAME.app/Contents/MacOS/$PRODUCT_NAME\";\nmkdir -p \"$TARGET_BUILD_DIR/$PRODUCT_NAME.app/Contents/Resources/\"\ncp -f \"$ICON_FILE\" \"$TARGET_BUILD_DIR/$PRODUCT_NAME.app/Contents/Resources/\"\n";
		};
/* End PBXShellScriptBuildPhase section */

/* Begin PBXSourcesBuildPhase section */
		E4B69B580A3A1756003C02F2 /* Sources */ = {
			isa = PBXSourcesBuildPhase;
			buildActionMask = 2147483647;
			files = (
				E4B69E200A3A1BDC003C02F2 /* main.cpp in Sources */,
				4b14cedcc7195a4d1f8e28b4f9635a89 /* ofApp.cpp in Sources */,
				3843d0eedffabde57edeeaf0a9a1bd8a /* BasicIPVideoServer.cpp in Sources */,
				ba28d41531c2e5f68245dce188795e9e /* IPVideoFrame.cpp in Sources */,
				0ce5ada5d5f40d5e1bc6cb0c040c24f1 /* IPVideoFrameQueue.cpp in Sources */,
				bdf2abff855faf5822289eefe57b3d7c /* IPVideoFrameSettings.cpp in Sources */,
				ca6fd803094a88c38d52112c378372a1 /* IPVideoRoute.cpp in Sources */,
				79290a421aa0cc0ec202ec264f481d7a /* IPVideoRouteHandler.cpp in Sources */,
				1d2e6e5cb9411ec6c748463c1c4a6326 /* IPVideoRouteSettings.cpp in Sources */,
				8db3638475ddef8589923a65f1d0b691 /* BaseRoute.cpp in Sources */,
				745635f8cfbf78e65b1c75ac9a415ee8 /* BaseRouteHandler.cpp in Sources */,
				9aac8610fe3d438783a824c918d8dc4c /* BaseRouteSettings.cpp in Sources */,
				ddcf04b30aa586652e56cb96ede7dc74 /* BaseServerSettings.cpp in Sources */,
				789b495dca7a573e19eb3c6619932da5 /* BasicFileUploadServer.cpp in Sources */,
				bccd51113e9050297513852eadc84234 /* BasicServer.cpp in Sources */,
				f38851be2ac6db8fd8677b670b2f1174 /* FileSystemRoute.cpp in Sources */,
				97a5373e9020a521b5197e1fd15a0a98 /* FileSystemRouteHandler.cpp in Sources */,
				215130b0d3eb5003df4afbbb749b1232 /* FileSystemRouteSettings.cpp in Sources */,
				94bb9d68b0598a6fc6295e7b6fc4e3ff /* FileUploadRoute.cpp in Sources */,
				e0af4ca9224879a8514e81a85e000683 /* FileUploadRouteHandler.cpp in Sources */,
				85a43070b58b6fbe76df727eed2b695f /* FileUploadRouteSettings.cpp in Sources */,
				20aee3e38b45f425010060e6e7ad24f8 /* Utils.cpp in Sources */,
				51717e21a35ff2471fa2d5b71a292e88 /* BaseWebSocketSessionManager.cpp in Sources */,
				2d396c8526000be18d46fca72d30eec3 /* BasicWebSocketServer.cpp in Sources */,
				0221d1db90cb7f79aed47acaa09fbfc8 /* WebSocketConnection.cpp in Sources */,
				3f0af80a73efa1bb436a0bb86ddfd7c8 /* WebSocketFrame.cpp in Sources */,
				d0adba16ddd84c514ca0d18392d61b6a /* WebSocketRoute.cpp in Sources */,
				b1d48e73497a547da4a66cc70083b9b4 /* WebSocketRouteHandler.cpp in Sources */,
				23ba053f9422cd16a3216fd0553caea3 /* WebSocketRouteSettings.cpp in Sources */,
				bedfee7400c58ea4e412b757bd605a7b /* ofxJSONElement.cpp in Sources */,
				7ced9fcc5bf62c4915c8d09f62ad86a7 /* json_reader.cpp in Sources */,
				ae32f1807796b1050e082651a5fbf40d /* json_value.cpp in Sources */,
				9b06c5cae570b630a97e51c38887e84b /* json_writer.cpp in Sources */,
				c06458734ff651c910d378b9328fcead /* MediaTypeMap.cpp in Sources */,
			);
			runOnlyForDeploymentPostprocessing = 0;
		};
/* End PBXSourcesBuildPhase section */

/* Begin PBXTargetDependency section */
		E4EEB9AC138B136A00A80321 /* PBXTargetDependency */ = {
			isa = PBXTargetDependency;
			name = openFrameworks;
			targetProxy = E4EEB9AB138B136A00A80321 /* PBXContainerItemProxy */;
		};
/* End PBXTargetDependency section */

/* Begin XCBuildConfiguration section */
		E4B69B4E0A3A1720003C02F2 /* Debug */ = {
			isa = XCBuildConfiguration;
			baseConfigurationReference = E4EB6923138AFD0F00A09F29 /* Project.xcconfig */;
			buildSettings = {
				ARCHS = "$(NATIVE_ARCH)";
				CONFIGURATION_BUILD_DIR = "$(SRCROOT)/bin/";
				COPY_PHASE_STRIP = NO;
				DEAD_CODE_STRIPPING = YES;
				GCC_AUTO_VECTORIZATION = YES;
				GCC_ENABLE_SSE3_EXTENSIONS = YES;
				GCC_ENABLE_SUPPLEMENTAL_SSE3_INSTRUCTIONS = YES;
				GCC_INLINES_ARE_PRIVATE_EXTERN = NO;
				GCC_OPTIMIZATION_LEVEL = 0;
				GCC_SYMBOLS_PRIVATE_EXTERN = NO;
				GCC_WARN_ABOUT_DEPRECATED_FUNCTIONS = YES;
				GCC_WARN_ABOUT_INVALID_OFFSETOF_MACRO = NO;
				GCC_WARN_ALLOW_INCOMPLETE_PROTOCOL = NO;
				GCC_WARN_UNINITIALIZED_AUTOS = NO;
				GCC_WARN_UNUSED_VALUE = NO;
				GCC_WARN_UNUSED_VARIABLE = NO;
				HEADER_SEARCH_PATHS = (
					"$(OF_CORE_HEADERS)",
					src,
					../../../addons/ofxHTTP/libs,
					../../../addons/ofxHTTP/libs/ofxHTTP,
					../../../addons/ofxHTTP/libs/ofxHTTP/Client,
					../../../addons/ofxHTTP/libs/ofxHTTP/Client/include,
					../../../addons/ofxHTTP/libs/ofxHTTP/Client/include/ofx,
					../../../addons/ofxHTTP/libs/ofxHTTP/Client/include/ofx/HTTP,
					../../../addons/ofxHTTP/libs/ofxHTTP/IPVideo,
					../../../addons/ofxHTTP/libs/ofxHTTP/IPVideo/include,
					../../../addons/ofxHTTP/libs/ofxHTTP/IPVideo/include/ofx,
					../../../addons/ofxHTTP/libs/ofxHTTP/IPVideo/include/ofx/HTTP,
					../../../addons/ofxHTTP/libs/ofxHTTP/IPVideo/include/ofx/HTTP/IPVideo,
					../../../addons/ofxHTTP/libs/ofxHTTP/IPVideo/src,
					../../../addons/ofxHTTP/libs/ofxHTTP/Server,
					../../../addons/ofxHTTP/libs/ofxHTTP/Server/FileSystem,
					../../../addons/ofxHTTP/libs/ofxHTTP/Server/FileSystem/include,
					../../../addons/ofxHTTP/libs/ofxHTTP/Server/FileSystem/include/ofx,
					../../../addons/ofxHTTP/libs/ofxHTTP/Server/FileUpload,
					../../../addons/ofxHTTP/libs/ofxHTTP/Server/FileUpload/include,
					../../../addons/ofxHTTP/libs/ofxHTTP/Server/FileUpload/include/ofx,
					../../../addons/ofxHTTP/libs/ofxHTTP/Server/FileUpload/include/ofx/HTTP,
					../../../addons/ofxHTTP/libs/ofxHTTP/Server/FileUpload/include/ofx/HTTP/Server,
					../../../addons/ofxHTTP/libs/ofxHTTP/Server/IPVideo,
					../../../addons/ofxHTTP/libs/ofxHTTP/Server/IPVideo/include,
					../../../addons/ofxHTTP/libs/ofxHTTP/Server/IPVideo/include/ofx,
					../../../addons/ofxHTTP/libs/ofxHTTP/Server/IPVideo/src,
					../../../addons/ofxHTTP/libs/ofxHTTP/Server/include,
					../../../addons/ofxHTTP/libs/ofxHTTP/Server/include/ofx,
					../../../addons/ofxHTTP/libs/ofxHTTP/Server/include/ofx/HTTP,
					../../../addons/ofxHTTP/libs/ofxHTTP/Server/include/ofx/HTTP/Server,
					../../../addons/ofxHTTP/libs/ofxHTTP/Server/src,
					../../../addons/ofxHTTP/libs/ofxHTTP/Types,
					../../../addons/ofxHTTP/libs/ofxHTTP/Types/include,
					../../../addons/ofxHTTP/libs/ofxHTTP/Types/include/ofx,
					../../../addons/ofxHTTP/libs/ofxHTTP/Types/include/ofx/HTTP,
					../../../addons/ofxHTTP/libs/ofxHTTP/Types/include/ofx/HTTP/Types,
					../../../addons/ofxHTTP/libs/ofxHTTP/Utils,
					../../../addons/ofxHTTP/libs/ofxHTTP/Utils/include,
					../../../addons/ofxHTTP/libs/ofxHTTP/Utils/include/ofx,
					../../../addons/ofxHTTP/libs/ofxHTTP/Utils/include/ofx/HTTP,
					../../../addons/ofxHTTP/libs/ofxHTTP/Utils/include/ofx/HTTP/Utils,
					../../../addons/ofxHTTP/libs/ofxHTTP/Utils/src,
					../../../addons/ofxHTTP/libs/ofxHTTP/WebSocket,
					../../../addons/ofxHTTP/libs/ofxHTTP/WebSocket/include,
					../../../addons/ofxHTTP/libs/ofxHTTP/WebSocket/include/ofx,
					../../../addons/ofxHTTP/libs/ofxHTTP/WebSocket/include/ofx/HTTP,
					../../../addons/ofxHTTP/libs/ofxHTTP/WebSocket/include/ofx/HTTP/WebSocket,
					../../../addons/ofxHTTP/libs/ofxHTTP/WebSocket/src,
					../../../addons/ofxHTTP/libs/ofxHTTP/include,
					../../../addons/ofxHTTP/libs/ofxHTTP/include/ofx,
					../../../addons/ofxHTTP/libs/ofxHTTP/include/ofx/HTTP,
					../../../addons/ofxHTTP/libs/ofxHTTP/src,
					../../../addons/ofxHTTP/libs/ofxSSL,
					../../../addons/ofxHTTP/libs/ofxSSL/include,
					../../../addons/ofxHTTP/libs/ofxSSL/include/ofx,
					../../../addons/ofxHTTP/libs/ofxSSL/src,
					../../../addons/ofxHTTP/src,
					../../../addons/ofxJSON/libs,
					../../../addons/ofxJSON/libs/jsoncpp,
					../../../addons/ofxJSON/libs/jsoncpp/include,
					../../../addons/ofxJSON/libs/jsoncpp/include/json,
					../../../addons/ofxJSON/libs/jsoncpp/src,
					../../../addons/ofxJSON/src,
					../../../addons/ofxMediaType/libs,
					../../../addons/ofxMediaType/libs/ofxMediaType,
					../../../addons/ofxMediaType/libs/ofxMediaType/include,
					../../../addons/ofxMediaType/libs/ofxMediaType/include/ofx,
					../../../addons/ofxMediaType/libs/ofxMediaType/include/ofx/Media,
					../../../addons/ofxMediaType/libs/ofxMediaType/src,
					../../../addons/ofxMediaType/src,
				);
				MACOSX_DEPLOYMENT_TARGET = 10.6;
				OTHER_CPLUSPLUSFLAGS = (
					"-D__MACOSX_CORE__",
					"-lpthread",
					"-mtune=native",
				);
				SDKROOT = macosx;
			};
			name = Debug;
		};
		E4B69B4F0A3A1720003C02F2 /* Release */ = {
			isa = XCBuildConfiguration;
			baseConfigurationReference = E4EB6923138AFD0F00A09F29 /* Project.xcconfig */;
			buildSettings = {
				ARCHS = "$(NATIVE_ARCH)";
				CONFIGURATION_BUILD_DIR = "$(SRCROOT)/bin/";
				COPY_PHASE_STRIP = YES;
				DEAD_CODE_STRIPPING = YES;
				GCC_AUTO_VECTORIZATION = YES;
				GCC_ENABLE_SSE3_EXTENSIONS = YES;
				GCC_ENABLE_SUPPLEMENTAL_SSE3_INSTRUCTIONS = YES;
				GCC_INLINES_ARE_PRIVATE_EXTERN = NO;
				GCC_OPTIMIZATION_LEVEL = 3;
				GCC_SYMBOLS_PRIVATE_EXTERN = NO;
				GCC_UNROLL_LOOPS = YES;
				GCC_WARN_ABOUT_DEPRECATED_FUNCTIONS = YES;
				GCC_WARN_ABOUT_INVALID_OFFSETOF_MACRO = NO;
				GCC_WARN_ALLOW_INCOMPLETE_PROTOCOL = NO;
				GCC_WARN_UNINITIALIZED_AUTOS = NO;
				GCC_WARN_UNUSED_VALUE = NO;
				GCC_WARN_UNUSED_VARIABLE = NO;
				HEADER_SEARCH_PATHS = (
					"$(OF_CORE_HEADERS)",
					src,
					../../../addons/ofxHTTP/libs,
					../../../addons/ofxHTTP/libs/ofxHTTP,
					../../../addons/ofxHTTP/libs/ofxHTTP/Client,
					../../../addons/ofxHTTP/libs/ofxHTTP/Client/include,
					../../../addons/ofxHTTP/libs/ofxHTTP/Client/include/ofx,
					../../../addons/ofxHTTP/libs/ofxHTTP/Client/include/ofx/HTTP,
					../../../addons/ofxHTTP/libs/ofxHTTP/IPVideo,
					../../../addons/ofxHTTP/libs/ofxHTTP/IPVideo/include,
					../../../addons/ofxHTTP/libs/ofxHTTP/IPVideo/include/ofx,
					../../../addons/ofxHTTP/libs/ofxHTTP/IPVideo/include/ofx/HTTP,
					../../../addons/ofxHTTP/libs/ofxHTTP/IPVideo/include/ofx/HTTP/IPVideo,
					../../../addons/ofxHTTP/libs/ofxHTTP/IPVideo/src,
					../../../addons/ofxHTTP/libs/ofxHTTP/Server,
					../../../addons/ofxHTTP/libs/ofxHTTP/Server/FileSystem,
					../../../addons/ofxHTTP/libs/ofxHTTP/Server/FileSystem/include,
					../../../addons/ofxHTTP/libs/ofxHTTP/Server/FileSystem/include/ofx,
					../../../addons/ofxHTTP/libs/ofxHTTP/Server/FileUpload,
					../../../addons/ofxHTTP/libs/ofxHTTP/Server/FileUpload/include,
					../../../addons/ofxHTTP/libs/ofxHTTP/Server/FileUpload/include/ofx,
					../../../addons/ofxHTTP/libs/ofxHTTP/Server/FileUpload/include/ofx/HTTP,
					../../../addons/ofxHTTP/libs/ofxHTTP/Server/FileUpload/include/ofx/HTTP/Server,
					../../../addons/ofxHTTP/libs/ofxHTTP/Server/IPVideo,
					../../../addons/ofxHTTP/libs/ofxHTTP/Server/IPVideo/include,
					../../../addons/ofxHTTP/libs/ofxHTTP/Server/IPVideo/include/ofx,
					../../../addons/ofxHTTP/libs/ofxHTTP/Server/IPVideo/src,
					../../../addons/ofxHTTP/libs/ofxHTTP/Server/include,
					../../../addons/ofxHTTP/libs/ofxHTTP/Server/include/ofx,
					../../../addons/ofxHTTP/libs/ofxHTTP/Server/include/ofx/HTTP,
					../../../addons/ofxHTTP/libs/ofxHTTP/Server/include/ofx/HTTP/Server,
					../../../addons/ofxHTTP/libs/ofxHTTP/Server/src,
					../../../addons/ofxHTTP/libs/ofxHTTP/Types,
					../../../addons/ofxHTTP/libs/ofxHTTP/Types/include,
					../../../addons/ofxHTTP/libs/ofxHTTP/Types/include/ofx,
					../../../addons/ofxHTTP/libs/ofxHTTP/Types/include/ofx/HTTP,
					../../../addons/ofxHTTP/libs/ofxHTTP/Types/include/ofx/HTTP/Types,
					../../../addons/ofxHTTP/libs/ofxHTTP/Utils,
					../../../addons/ofxHTTP/libs/ofxHTTP/Utils/include,
					../../../addons/ofxHTTP/libs/ofxHTTP/Utils/include/ofx,
					../../../addons/ofxHTTP/libs/ofxHTTP/Utils/include/ofx/HTTP,
					../../../addons/ofxHTTP/libs/ofxHTTP/Utils/include/ofx/HTTP/Utils,
					../../../addons/ofxHTTP/libs/ofxHTTP/Utils/src,
					../../../addons/ofxHTTP/libs/ofxHTTP/WebSocket,
					../../../addons/ofxHTTP/libs/ofxHTTP/WebSocket/include,
					../../../addons/ofxHTTP/libs/ofxHTTP/WebSocket/include/ofx,
					../../../addons/ofxHTTP/libs/ofxHTTP/WebSocket/include/ofx/HTTP,
					../../../addons/ofxHTTP/libs/ofxHTTP/WebSocket/include/ofx/HTTP/WebSocket,
					../../../addons/ofxHTTP/libs/ofxHTTP/WebSocket/src,
					../../../addons/ofxHTTP/libs/ofxHTTP/include,
					../../../addons/ofxHTTP/libs/ofxHTTP/include/ofx,
					../../../addons/ofxHTTP/libs/ofxHTTP/include/ofx/HTTP,
					../../../addons/ofxHTTP/libs/ofxHTTP/src,
					../../../addons/ofxHTTP/libs/ofxSSL,
					../../../addons/ofxHTTP/libs/ofxSSL/include,
					../../../addons/ofxHTTP/libs/ofxSSL/include/ofx,
					../../../addons/ofxHTTP/libs/ofxSSL/src,
					../../../addons/ofxHTTP/src,
					../../../addons/ofxJSON/libs,
					../../../addons/ofxJSON/libs/jsoncpp,
					../../../addons/ofxJSON/libs/jsoncpp/include,
					../../../addons/ofxJSON/libs/jsoncpp/include/json,
					../../../addons/ofxJSON/libs/jsoncpp/src,
					../../../addons/ofxJSON/src,
					../../../addons/ofxMediaType/libs,
					../../../addons/ofxMediaType/libs/ofxMediaType,
					../../../addons/ofxMediaType/libs/ofxMediaType/include,
					../../../addons/ofxMediaType/libs/ofxMediaType/include/ofx,
					../../../addons/ofxMediaType/libs/ofxMediaType/include/ofx/Media,
					../../../addons/ofxMediaType/libs/ofxMediaType/src,
					../../../addons/ofxMediaType/src,
				);
				MACOSX_DEPLOYMENT_TARGET = 10.6;
				OTHER_CPLUSPLUSFLAGS = (
					"-D__MACOSX_CORE__",
					"-lpthread",
					"-mtune=native",
				);
				SDKROOT = macosx;
			};
			name = Release;
		};
		E4B69B600A3A1757003C02F2 /* Debug */ = {
			isa = XCBuildConfiguration;
			buildSettings = {
				COMBINE_HIDPI_IMAGES = YES;
				COPY_PHASE_STRIP = NO;
				FRAMEWORK_SEARCH_PATHS = (
					"$(inherited)",
					"$(FRAMEWORK_SEARCH_PATHS_QUOTED_FOR_TARGET_1)",
				);
				FRAMEWORK_SEARCH_PATHS_QUOTED_FOR_TARGET_1 = "\"$(SRCROOT)/../../../libs/glut/lib/osx\"";
				GCC_DYNAMIC_NO_PIC = NO;
				GCC_GENERATE_DEBUGGING_SYMBOLS = YES;
				GCC_MODEL_TUNING = NONE;
				ICON = "$(ICON_NAME_DEBUG)";
				ICON_FILE = "$(ICON_FILE_PATH)$(ICON)";
				INFOPLIST_FILE = "openFrameworks-Info.plist";
				INSTALL_PATH = "$(HOME)/Applications";
				LIBRARY_SEARCH_PATHS = (
					"$(inherited)",
					"$(LIBRARY_SEARCH_PATHS_QUOTED_FOR_TARGET_1)",
					"$(LIBRARY_SEARCH_PATHS_QUOTED_FOR_TARGET_2)",
					"$(LIBRARY_SEARCH_PATHS_QUOTED_FOR_TARGET_3)",
					"$(LIBRARY_SEARCH_PATHS_QUOTED_FOR_TARGET_4)",
					"$(LIBRARY_SEARCH_PATHS_QUOTED_FOR_TARGET_5)",
					"$(LIBRARY_SEARCH_PATHS_QUOTED_FOR_TARGET_6)",
					"$(LIBRARY_SEARCH_PATHS_QUOTED_FOR_TARGET_7)",
					"$(LIBRARY_SEARCH_PATHS_QUOTED_FOR_TARGET_8)",
					"$(LIBRARY_SEARCH_PATHS_QUOTED_FOR_TARGET_9)",
					"$(LIBRARY_SEARCH_PATHS_QUOTED_FOR_TARGET_10)",
					"$(LIBRARY_SEARCH_PATHS_QUOTED_FOR_TARGET_11)",
					"$(LIBRARY_SEARCH_PATHS_QUOTED_FOR_TARGET_12)",
					"$(LIBRARY_SEARCH_PATHS_QUOTED_FOR_TARGET_13)",
					"$(LIBRARY_SEARCH_PATHS_QUOTED_FOR_TARGET_14)",
					"$(LIBRARY_SEARCH_PATHS_QUOTED_FOR_TARGET_15)",
					"$(LIBRARY_SEARCH_PATHS_QUOTED_FOR_TARGET_2)",
					"$(LIBRARY_SEARCH_PATHS_QUOTED_FOR_TARGET_3)",
					"$(LIBRARY_SEARCH_PATHS_QUOTED_FOR_TARGET_7)",
					"$(LIBRARY_SEARCH_PATHS_QUOTED_FOR_TARGET_8)",
					"$(LIBRARY_SEARCH_PATHS_QUOTED_FOR_TARGET_9)",
					"$(LIBRARY_SEARCH_PATHS_QUOTED_FOR_TARGET_10)",
					"$(LIBRARY_SEARCH_PATHS_QUOTED_FOR_TARGET_11)",
					"$(LIBRARY_SEARCH_PATHS_QUOTED_FOR_TARGET_12)",
					"$(LIBRARY_SEARCH_PATHS_QUOTED_FOR_TARGET_13)",
					"$(LIBRARY_SEARCH_PATHS_QUOTED_FOR_TARGET_16)",
					"$(LIBRARY_SEARCH_PATHS_QUOTED_FOR_TARGET_17)",
					"$(LIBRARY_SEARCH_PATHS_QUOTED_FOR_TARGET_18)",
					"$(LIBRARY_SEARCH_PATHS_QUOTED_FOR_TARGET_19)",
					"$(LIBRARY_SEARCH_PATHS_QUOTED_FOR_TARGET_20)",
					"$(LIBRARY_SEARCH_PATHS_QUOTED_FOR_TARGET_21)",
					"$(LIBRARY_SEARCH_PATHS_QUOTED_FOR_TARGET_22)",
					"$(LIBRARY_SEARCH_PATHS_QUOTED_FOR_TARGET_23)",
					"$(LIBRARY_SEARCH_PATHS_QUOTED_FOR_TARGET_24)",
					"$(LIBRARY_SEARCH_PATHS_QUOTED_FOR_TARGET_25)",
					"$(LIBRARY_SEARCH_PATHS_QUOTED_FOR_TARGET_26)",
					"$(LIBRARY_SEARCH_PATHS_QUOTED_FOR_TARGET_27)",
					"$(LIBRARY_SEARCH_PATHS_QUOTED_FOR_TARGET_28)",
					"$(LIBRARY_SEARCH_PATHS_QUOTED_FOR_TARGET_29)",
					"$(LIBRARY_SEARCH_PATHS_QUOTED_FOR_TARGET_30)",
					"$(LIBRARY_SEARCH_PATHS_QUOTED_FOR_TARGET_31)",
					"$(LIBRARY_SEARCH_PATHS_QUOTED_FOR_TARGET_32)",
					"$(LIBRARY_SEARCH_PATHS_QUOTED_FOR_TARGET_33)",
					"$(LIBRARY_SEARCH_PATHS_QUOTED_FOR_TARGET_34)",
					"$(LIBRARY_SEARCH_PATHS_QUOTED_FOR_TARGET_35)",
					"$(LIBRARY_SEARCH_PATHS_QUOTED_FOR_TARGET_36)",
					"$(LIBRARY_SEARCH_PATHS_QUOTED_FOR_TARGET_37)",
					"$(LIBRARY_SEARCH_PATHS_QUOTED_FOR_TARGET_38)",
					"$(LIBRARY_SEARCH_PATHS_QUOTED_FOR_TARGET_39)",
					"$(LIBRARY_SEARCH_PATHS_QUOTED_FOR_TARGET_40)",
					"$(LIBRARY_SEARCH_PATHS_QUOTED_FOR_TARGET_41)",
					"$(LIBRARY_SEARCH_PATHS_QUOTED_FOR_TARGET_42)",
					"$(LIBRARY_SEARCH_PATHS_QUOTED_FOR_TARGET_43)",
					"$(LIBRARY_SEARCH_PATHS_QUOTED_FOR_TARGET_44)",
					"$(LIBRARY_SEARCH_PATHS_QUOTED_FOR_TARGET_45)",
					"$(LIBRARY_SEARCH_PATHS_QUOTED_FOR_TARGET_46)",
					"$(LIBRARY_SEARCH_PATHS_QUOTED_FOR_TARGET_47)",
					"$(LIBRARY_SEARCH_PATHS_QUOTED_FOR_TARGET_48)",
					"$(LIBRARY_SEARCH_PATHS_QUOTED_FOR_TARGET_49)",
					"$(LIBRARY_SEARCH_PATHS_QUOTED_FOR_TARGET_50)",
					"$(LIBRARY_SEARCH_PATHS_QUOTED_FOR_TARGET_51)",
					"$(LIBRARY_SEARCH_PATHS_QUOTED_FOR_TARGET_52)",
				);
				PRODUCT_NAME = "$(TARGET_NAME)Debug";
				WRAPPER_EXTENSION = app;
			};
			name = Debug;
		};
		E4B69B610A3A1757003C02F2 /* Release */ = {
			isa = XCBuildConfiguration;
			buildSettings = {
				COMBINE_HIDPI_IMAGES = YES;
				COPY_PHASE_STRIP = YES;
				FRAMEWORK_SEARCH_PATHS = (
					"$(inherited)",
					"$(FRAMEWORK_SEARCH_PATHS_QUOTED_FOR_TARGET_1)",
				);
				FRAMEWORK_SEARCH_PATHS_QUOTED_FOR_TARGET_1 = "\"$(SRCROOT)/../../../libs/glut/lib/osx\"";
				GCC_GENERATE_DEBUGGING_SYMBOLS = YES;
				GCC_MODEL_TUNING = NONE;
				ICON = "$(ICON_NAME_RELEASE)";
				ICON_FILE = "$(ICON_FILE_PATH)$(ICON)";
				INFOPLIST_FILE = "openFrameworks-Info.plist";
				INSTALL_PATH = "$(HOME)/Applications";
				LIBRARY_SEARCH_PATHS = (
					"$(inherited)",
					"$(LIBRARY_SEARCH_PATHS_QUOTED_FOR_TARGET_1)",
					"$(LIBRARY_SEARCH_PATHS_QUOTED_FOR_TARGET_2)",
					"$(LIBRARY_SEARCH_PATHS_QUOTED_FOR_TARGET_3)",
					"$(LIBRARY_SEARCH_PATHS_QUOTED_FOR_TARGET_4)",
					"$(LIBRARY_SEARCH_PATHS_QUOTED_FOR_TARGET_5)",
					"$(LIBRARY_SEARCH_PATHS_QUOTED_FOR_TARGET_6)",
					"$(LIBRARY_SEARCH_PATHS_QUOTED_FOR_TARGET_7)",
					"$(LIBRARY_SEARCH_PATHS_QUOTED_FOR_TARGET_8)",
					"$(LIBRARY_SEARCH_PATHS_QUOTED_FOR_TARGET_9)",
					"$(LIBRARY_SEARCH_PATHS_QUOTED_FOR_TARGET_10)",
					"$(LIBRARY_SEARCH_PATHS_QUOTED_FOR_TARGET_11)",
					"$(LIBRARY_SEARCH_PATHS_QUOTED_FOR_TARGET_12)",
					"$(LIBRARY_SEARCH_PATHS_QUOTED_FOR_TARGET_13)",
					"$(LIBRARY_SEARCH_PATHS_QUOTED_FOR_TARGET_14)",
					"$(LIBRARY_SEARCH_PATHS_QUOTED_FOR_TARGET_15)",
					"$(LIBRARY_SEARCH_PATHS_QUOTED_FOR_TARGET_2)",
					"$(LIBRARY_SEARCH_PATHS_QUOTED_1)",
					"$(LIBRARY_SEARCH_PATHS_QUOTED_FOR_TARGET_3)",
					"$(LIBRARY_SEARCH_PATHS_QUOTED_FOR_TARGET_7)",
					"$(LIBRARY_SEARCH_PATHS_QUOTED_FOR_TARGET_8)",
					"$(LIBRARY_SEARCH_PATHS_QUOTED_FOR_TARGET_9)",
					"$(LIBRARY_SEARCH_PATHS_QUOTED_FOR_TARGET_10)",
					"$(LIBRARY_SEARCH_PATHS_QUOTED_FOR_TARGET_11)",
					"$(LIBRARY_SEARCH_PATHS_QUOTED_FOR_TARGET_12)",
					"$(LIBRARY_SEARCH_PATHS_QUOTED_FOR_TARGET_13)",
					"$(LIBRARY_SEARCH_PATHS_QUOTED_FOR_TARGET_16)",
					"$(LIBRARY_SEARCH_PATHS_QUOTED_FOR_TARGET_17)",
					"$(LIBRARY_SEARCH_PATHS_QUOTED_FOR_TARGET_18)",
					"$(LIBRARY_SEARCH_PATHS_QUOTED_FOR_TARGET_19)",
					"$(LIBRARY_SEARCH_PATHS_QUOTED_FOR_TARGET_20)",
					"$(LIBRARY_SEARCH_PATHS_QUOTED_FOR_TARGET_21)",
					"$(LIBRARY_SEARCH_PATHS_QUOTED_FOR_TARGET_22)",
					"$(LIBRARY_SEARCH_PATHS_QUOTED_FOR_TARGET_23)",
					"$(LIBRARY_SEARCH_PATHS_QUOTED_FOR_TARGET_24)",
					"$(LIBRARY_SEARCH_PATHS_QUOTED_FOR_TARGET_25)",
					"$(LIBRARY_SEARCH_PATHS_QUOTED_FOR_TARGET_26)",
					"$(LIBRARY_SEARCH_PATHS_QUOTED_FOR_TARGET_27)",
					"$(LIBRARY_SEARCH_PATHS_QUOTED_FOR_TARGET_28)",
					"$(LIBRARY_SEARCH_PATHS_QUOTED_FOR_TARGET_29)",
					"$(LIBRARY_SEARCH_PATHS_QUOTED_FOR_TARGET_30)",
					"$(LIBRARY_SEARCH_PATHS_QUOTED_FOR_TARGET_31)",
					"$(LIBRARY_SEARCH_PATHS_QUOTED_FOR_TARGET_32)",
					"$(LIBRARY_SEARCH_PATHS_QUOTED_FOR_TARGET_33)",
					"$(LIBRARY_SEARCH_PATHS_QUOTED_FOR_TARGET_34)",
					"$(LIBRARY_SEARCH_PATHS_QUOTED_FOR_TARGET_35)",
					"$(LIBRARY_SEARCH_PATHS_QUOTED_FOR_TARGET_36)",
					"$(LIBRARY_SEARCH_PATHS_QUOTED_FOR_TARGET_37)",
					"$(LIBRARY_SEARCH_PATHS_QUOTED_FOR_TARGET_38)",
					"$(LIBRARY_SEARCH_PATHS_QUOTED_FOR_TARGET_39)",
					"$(LIBRARY_SEARCH_PATHS_QUOTED_FOR_TARGET_40)",
					"$(LIBRARY_SEARCH_PATHS_QUOTED_FOR_TARGET_41)",
					"$(LIBRARY_SEARCH_PATHS_QUOTED_FOR_TARGET_42)",
					"$(LIBRARY_SEARCH_PATHS_QUOTED_FOR_TARGET_43)",
					"$(LIBRARY_SEARCH_PATHS_QUOTED_FOR_TARGET_44)",
					"$(LIBRARY_SEARCH_PATHS_QUOTED_FOR_TARGET_45)",
					"$(LIBRARY_SEARCH_PATHS_QUOTED_FOR_TARGET_46)",
					"$(LIBRARY_SEARCH_PATHS_QUOTED_FOR_TARGET_47)",
					"$(LIBRARY_SEARCH_PATHS_QUOTED_FOR_TARGET_48)",
					"$(LIBRARY_SEARCH_PATHS_QUOTED_FOR_TARGET_49)",
					"$(LIBRARY_SEARCH_PATHS_QUOTED_FOR_TARGET_50)",
					"$(LIBRARY_SEARCH_PATHS_QUOTED_FOR_TARGET_51)",
				);
				PRODUCT_NAME = "$(TARGET_NAME)";
				WRAPPER_EXTENSION = app;
			};
			name = Release;
		};
/* End XCBuildConfiguration section */

/* Begin XCConfigurationList section */
		E4B69B4D0A3A1720003C02F2 /* Build configuration list for PBXProject "example_basic_websocket_server" */ = {
			isa = XCConfigurationList;
			buildConfigurations = (
				E4B69B4E0A3A1720003C02F2 /* Debug */,
				E4B69B4F0A3A1720003C02F2 /* Release */,
			);
			defaultConfigurationIsVisible = 0;
			defaultConfigurationName = Release;
		};
		E4B69B5F0A3A1757003C02F2 /* Build configuration list for PBXNativeTarget "example_basic_websocket_server" */ = {
			isa = XCConfigurationList;
			buildConfigurations = (
				E4B69B600A3A1757003C02F2 /* Debug */,
				E4B69B610A3A1757003C02F2 /* Release */,
			);
			defaultConfigurationIsVisible = 0;
			defaultConfigurationName = Release;
		};
/* End XCConfigurationList section */
	};
	rootObject = E4B69B4C0A3A1720003C02F2 /* Project object */;
}
